// !$*UTF8*$!
{
	archiveVersion = 1;
	classes = {
	};
	objectVersion = 52;
	objects = {

/* Begin PBXBuildFile section */
		2DBA10AFC33F1F1A8A3AF4F7 /* SingleLogViewController.swift in Sources */ = {isa = PBXBuildFile; fileRef = 2DBA1BA84DCE2ADB5089444D /* SingleLogViewController.swift */; };
		2DBA127834F59CA61B204AB0 /* HelperFunctions.swift in Sources */ = {isa = PBXBuildFile; fileRef = 2DBA156C2B58CF72B873423F /* HelperFunctions.swift */; };
		2DBA1423B6C39E8D29429F6E /* ConstantLogsViewController.swift in Sources */ = {isa = PBXBuildFile; fileRef = 2DBA1CA56E551997C6001863 /* ConstantLogsViewController.swift */; };
		2DBA142977D7D4CD90ECDEAF /* LabeledLogger.swift in Sources */ = {isa = PBXBuildFile; fileRef = 2DBA1BC5D26B69FA1E649B56 /* LabeledLogger.swift */; };
		2DBA1439BAEBD8D5961A05A0 /* InfoGatheringLogger.swift in Sources */ = {isa = PBXBuildFile; fileRef = 2DBA10989530859F00D5AB8C /* InfoGatheringLogger.swift */; };
		2DBA15064819C6E6D4178B88 /* ApplicationInfo.swift in Sources */ = {isa = PBXBuildFile; fileRef = 2DBA1BDD8C05C5AC12BAAF0D /* ApplicationInfo.swift */; };
		2DBA15FD8398DE775C125946 /* Loggers.swift in Sources */ = {isa = PBXBuildFile; fileRef = 2DBA10435D991F46DC8D89BF /* Loggers.swift */; };
		2DBA1631FA44583D2A7B0897 /* NullLogger.swift in Sources */ = {isa = PBXBuildFile; fileRef = 2DBA179E2E7EB4E3DE64E043 /* NullLogger.swift */; };
		2DBA1854A4453EA6AE6BCF84 /* Storage.swift in Sources */ = {isa = PBXBuildFile; fileRef = 2DBA1C5D52B7EB410674F2E8 /* Storage.swift */; };
		2DBA18EB097273EDCAC5E810 /* NullLogger.swift in Sources */ = {isa = PBXBuildFile; fileRef = 2DBA179E2E7EB4E3DE64E043 /* NullLogger.swift */; };
		2DBA194A31B60069AE4E7EE1 /* ApplicationInfo.swift in Sources */ = {isa = PBXBuildFile; fileRef = 2DBA1BDD8C05C5AC12BAAF0D /* ApplicationInfo.swift */; };
		2DBA1B2CA7478109C4020779 /* InfoGatheringLogger.swift in Sources */ = {isa = PBXBuildFile; fileRef = 2DBA10989530859F00D5AB8C /* InfoGatheringLogger.swift */; };
		2DBA1BADF4991F18DBC0A66C /* RandomizedLogsViewController.swift in Sources */ = {isa = PBXBuildFile; fileRef = 2DBA110DFD8D2337633A8BD5 /* RandomizedLogsViewController.swift */; };
		2DBA1BC8525F9A84933D47B7 /* Loggable.swift in Sources */ = {isa = PBXBuildFile; fileRef = 2DBA129A224F3D8C844B7AAF /* Loggable.swift */; };
		2DBA1F496F5E0BC411A2E6CC /* BigListOfNaughtyStringsBase64.json in Resources */ = {isa = PBXBuildFile; fileRef = 2DBA1018CEF1F344845BB07F /* BigListOfNaughtyStringsBase64.json */; };
		2DBA1FFDD2C4D6453D27242A /* EndpointViewController.swift in Sources */ = {isa = PBXBuildFile; fileRef = 2DBA186BD75E9B889DAFD54B /* EndpointViewController.swift */; };
		4611FCED2398FEF100E23B25 /* MultiplexingLogger.swift in Sources */ = {isa = PBXBuildFile; fileRef = 4611FCEC2398FEF100E23B25 /* MultiplexingLogger.swift */; };
		4611FCEF239904CC00E23B25 /* FilteringLogger.swift in Sources */ = {isa = PBXBuildFile; fileRef = 4611FCEE239904CC00E23B25 /* FilteringLogger.swift */; };
		4611FCF723995F3300E23B25 /* NSLogLogger.swift in Sources */ = {isa = PBXBuildFile; fileRef = 4611FCF623995F3300E23B25 /* NSLogLogger.swift */; };
		46131F5D238EADD800612712 /* Logger.swift in Sources */ = {isa = PBXBuildFile; fileRef = 46131F5C238EADD800612712 /* Logger.swift */; };
		46131F5F238EADF900612712 /* Level.swift in Sources */ = {isa = PBXBuildFile; fileRef = 46131F5E238EADF900612712 /* Level.swift */; };
		461A55E223DA07BF00A28F38 /* LogStringInterpolation.swift in Sources */ = {isa = PBXBuildFile; fileRef = 461A55E123DA07BF00A28F38 /* LogStringInterpolation.swift */; };
		461A55E623DA07FC00A28F38 /* LogString.swift in Sources */ = {isa = PBXBuildFile; fileRef = 461A55E523DA07FC00A28F38 /* LogString.swift */; };
		4626E60B23956D5800BD14B8 /* PrintLogger.swift in Sources */ = {isa = PBXBuildFile; fileRef = 46131F60238EAE8200612712 /* PrintLogger.swift */; };
		4626E6112396709A00BD14B8 /* OSLogLogger.swift in Sources */ = {isa = PBXBuildFile; fileRef = 4626E6102396709700BD14B8 /* OSLogLogger.swift */; };
		46E239082397A748006539C5 /* SynchronizedDictionary.swift in Sources */ = {isa = PBXBuildFile; fileRef = 46E239072397A748006539C5 /* SynchronizedDictionary.swift */; };
		6399CBED24349BBF00B6C3A1 /* Subscriptions.swift in Sources */ = {isa = PBXBuildFile; fileRef = 6399CBEC24349BBF00B6C3A1 /* Subscriptions.swift */; };
		FA8EB0A724545B2C00D438DC /* Logger.swift in Sources */ = {isa = PBXBuildFile; fileRef = 46131F5C238EADD800612712 /* Logger.swift */; };
		FA8EB0A824545B2C00D438DC /* Level.swift in Sources */ = {isa = PBXBuildFile; fileRef = 46131F5E238EADF900612712 /* Level.swift */; };
		FA8EB0AF24545B2C00D438DC /* PrintLogger.swift in Sources */ = {isa = PBXBuildFile; fileRef = 46131F60238EAE8200612712 /* PrintLogger.swift */; };
		FA8EB0B024545B2C00D438DC /* OSLogLogger.swift in Sources */ = {isa = PBXBuildFile; fileRef = 4626E6102396709700BD14B8 /* OSLogLogger.swift */; };
		FA8EB0B124545B2C00D438DC /* NSLogLogger.swift in Sources */ = {isa = PBXBuildFile; fileRef = 4611FCF623995F3300E23B25 /* NSLogLogger.swift */; };
		FA8EB0B324545B2C00D438DC /* FilteringLogger.swift in Sources */ = {isa = PBXBuildFile; fileRef = 4611FCEE239904CC00E23B25 /* FilteringLogger.swift */; };
		FA8EB0B424545B2C00D438DC /* MultiplexingLogger.swift in Sources */ = {isa = PBXBuildFile; fileRef = 4611FCEC2398FEF100E23B25 /* MultiplexingLogger.swift */; };
		FA8EB0B524545B2C00D438DC /* HelperFunctions.swift in Sources */ = {isa = PBXBuildFile; fileRef = 2DBA156C2B58CF72B873423F /* HelperFunctions.swift */; };
		FA8EB0B624545B2C00D438DC /* LabeledLogger.swift in Sources */ = {isa = PBXBuildFile; fileRef = 2DBA1BC5D26B69FA1E649B56 /* LabeledLogger.swift */; };
		FA8EB0B724545B2C00D438DC /* Subscriptions.swift in Sources */ = {isa = PBXBuildFile; fileRef = 6399CBEC24349BBF00B6C3A1 /* Subscriptions.swift */; };
		FA8EB0B824545B2C00D438DC /* SynchronizedDictionary.swift in Sources */ = {isa = PBXBuildFile; fileRef = 46E239072397A748006539C5 /* SynchronizedDictionary.swift */; };
		FA8EB0BA24545B2C00D438DC /* LogString.swift in Sources */ = {isa = PBXBuildFile; fileRef = 461A55E523DA07FC00A28F38 /* LogString.swift */; };
		FA8EB0BB24545B2C00D438DC /* LogStringInterpolation.swift in Sources */ = {isa = PBXBuildFile; fileRef = 461A55E123DA07BF00A28F38 /* LogStringInterpolation.swift */; };
		FA8EB0BC24545B2C00D438DC /* Loggable.swift in Sources */ = {isa = PBXBuildFile; fileRef = 2DBA129A224F3D8C844B7AAF /* Loggable.swift */; };
		FAD51EB62456D5A000265E18 /* Logger.CaseIterable.swift in Sources */ = {isa = PBXBuildFile; fileRef = FAD51E9C2456D5A000265E18 /* Logger.CaseIterable.swift */; };
		FAD51EB82456D5A000265E18 /* BufferLogger.swift in Sources */ = {isa = PBXBuildFile; fileRef = FAD51E9E2456D5A000265E18 /* BufferLogger.swift */; };
		FAD51EB92456D5A000265E18 /* AppDelegate.swift in Sources */ = {isa = PBXBuildFile; fileRef = FAD51E9F2456D5A000265E18 /* AppDelegate.swift */; };
		FAD51EBA2456D5A000265E18 /* GeneratedLogRecord.swift in Sources */ = {isa = PBXBuildFile; fileRef = FAD51EA12456D5A000265E18 /* GeneratedLogRecord.swift */; };
		FAD51EBB2456D5A000265E18 /* LogGeneratorRecordGenerator.swift in Sources */ = {isa = PBXBuildFile; fileRef = FAD51EA22456D5A000265E18 /* LogGeneratorRecordGenerator.swift */; };
		FAD51EBC2456D5A000265E18 /* LogsGenerator.swift in Sources */ = {isa = PBXBuildFile; fileRef = FAD51EA32456D5A000265E18 /* LogsGenerator.swift */; };
		FAD51EBD2456D5A000265E18 /* UniformRecordGenerator.swift in Sources */ = {isa = PBXBuildFile; fileRef = FAD51EA42456D5A000265E18 /* UniformRecordGenerator.swift */; };
		FAD51EBE2456D5A000265E18 /* RandomizedRecordGenerator.swift in Sources */ = {isa = PBXBuildFile; fileRef = FAD51EA52456D5A000265E18 /* RandomizedRecordGenerator.swift */; };
		FAD51EBF2456D5A000265E18 /* LogsGeneratorTiming.swift in Sources */ = {isa = PBXBuildFile; fileRef = FAD51EA62456D5A000265E18 /* LogsGeneratorTiming.swift */; };
		FAD51EC02456D5A000265E18 /* TimeRange.swift in Sources */ = {isa = PBXBuildFile; fileRef = FAD51EA72456D5A000265E18 /* TimeRange.swift */; };
		FAD51EC32456D5A000265E18 /* Main.storyboard in Resources */ = {isa = PBXBuildFile; fileRef = FAD51EAB2456D5A000265E18 /* Main.storyboard */; };
		FAD51EC82456D5A100265E18 /* Assets.xcassets in Resources */ = {isa = PBXBuildFile; fileRef = FAD51EB22456D5A000265E18 /* Assets.xcassets */; };
		FAD51EC92456D5A100265E18 /* LaunchScreen.storyboard in Resources */ = {isa = PBXBuildFile; fileRef = FAD51EB32456D5A000265E18 /* LaunchScreen.storyboard */; };
		FAE67F862458CE530083E237 /* main.swift in Sources */ = {isa = PBXBuildFile; fileRef = FAE67F852458CE530083E237 /* main.swift */; };
		FAF15CCD24B4C79800912AB9 /* RobologsRemote.h in Headers */ = {isa = PBXBuildFile; fileRef = FAF15CCB24B4C79800912AB9 /* RobologsRemote.h */; settings = {ATTRIBUTES = (Public, ); }; };
		FAF15CD024B4C79800912AB9 /* RobologsRemote.framework in Frameworks */ = {isa = PBXBuildFile; fileRef = FAF15CC924B4C79800912AB9 /* RobologsRemote.framework */; };
		FAF15CD124B4C79800912AB9 /* RobologsRemote.framework in Embed Frameworks */ = {isa = PBXBuildFile; fileRef = FAF15CC924B4C79800912AB9 /* RobologsRemote.framework */; settings = {ATTRIBUTES = (CodeSignOnCopy, RemoveHeadersOnCopy, ); }; };
		FAF15CDF24B4C7D400912AB9 /* RobologsRemote_macOS.h in Headers */ = {isa = PBXBuildFile; fileRef = FAF15CDD24B4C7D400912AB9 /* RobologsRemote_macOS.h */; settings = {ATTRIBUTES = (Public, ); }; };
		FAF15CE324B4C86700912AB9 /* MockRemoteLoggerTransport.swift in Sources */ = {isa = PBXBuildFile; fileRef = 6324E32A242A43060084312D /* MockRemoteLoggerTransport.swift */; };
		FAF15CE424B4C86700912AB9 /* backend.pb.swift in Sources */ = {isa = PBXBuildFile; fileRef = 63D39411241F86D2002052DA /* backend.pb.swift */; };
		FAF15CE524B4C86700912AB9 /* AuthenticationChallengeResolver.swift in Sources */ = {isa = PBXBuildFile; fileRef = 630F99FB2435FAE5009DAD18 /* AuthenticationChallengeResolver.swift */; };
		FAF15CE624B4C86700912AB9 /* RemoteLoggingTransport.swift in Sources */ = {isa = PBXBuildFile; fileRef = 2DBA1B7C07761B3914324E95 /* RemoteLoggingTransport.swift */; };
		FAF15CE724B4C86700912AB9 /* ProtoHttpRemoteLoggerTransport.swift in Sources */ = {isa = PBXBuildFile; fileRef = 2DBA1DA202B598E9F6F27C1D /* ProtoHttpRemoteLoggerTransport.swift */; };
		FAF15CE824B4C86700912AB9 /* InMemoryRemoteLoggerBuffer.swift in Sources */ = {isa = PBXBuildFile; fileRef = 63D39415241F86D2002052DA /* InMemoryRemoteLoggerBuffer.swift */; };
		FAF15CE924B4C86700912AB9 /* RemoteLoggingBuffer.swift in Sources */ = {isa = PBXBuildFile; fileRef = 2DBA1A5D9C49721C5C5B335D /* RemoteLoggingBuffer.swift */; };
		FAF15CEA24B4C86700912AB9 /* PersistingLoggingBuffer.swift in Sources */ = {isa = PBXBuildFile; fileRef = 2DBA1E92BFBF1D21C9146183 /* PersistingLoggingBuffer.swift */; };
		FAF15CEB24B4C86700912AB9 /* CachedLogMessage.swift in Sources */ = {isa = PBXBuildFile; fileRef = 2DBA19F3805C10A7C41E4FF4 /* CachedLogMessage.swift */; };
		FAF15CEC24B4C86700912AB9 /* NullRemoteLoggerBuffer.swift in Sources */ = {isa = PBXBuildFile; fileRef = 2DBA15502C1F90EF2E875AD2 /* NullRemoteLoggerBuffer.swift */; };
		FAF15CED24B4C86700912AB9 /* BonjourServer.swift in Sources */ = {isa = PBXBuildFile; fileRef = 2DBA1CC1F043D50CC7774247 /* BonjourServer.swift */; };
		FAF15CEE24B4C86700912AB9 /* BonjourClient.swift in Sources */ = {isa = PBXBuildFile; fileRef = 2DBA1503080D9DC86938813D /* BonjourClient.swift */; };
		FAF15CEF24B4C86700912AB9 /* Shell.CommandLine.swift in Sources */ = {isa = PBXBuildFile; fileRef = 2DBA1EB77B568C6A9EB2FBAB /* Shell.CommandLine.swift */; };
		FAF15CF024B4C86700912AB9 /* DirectConnector.swift in Sources */ = {isa = PBXBuildFile; fileRef = 2DBA10C88047C8771D4F9B8A /* DirectConnector.swift */; };
		FAF15CF124B4C86700912AB9 /* LiveRemoteLogger.swift in Sources */ = {isa = PBXBuildFile; fileRef = 63D39416241F86D2002052DA /* LiveRemoteLogger.swift */; };
		FAF15CF224B4C86700912AB9 /* ArchiveRemoteLogger.swift in Sources */ = {isa = PBXBuildFile; fileRef = 2DBA12496FD9DE3D0B796D94 /* ArchiveRemoteLogger.swift */; };
		FAF15CF324B4C86700912AB9 /* RemoteLoggerError.swift in Sources */ = {isa = PBXBuildFile; fileRef = 2DBA11EEAEF2D189DD0C89B9 /* RemoteLoggerError.swift */; };
		FAF15CF424B4C86700912AB9 /* RemoteLogger.swift in Sources */ = {isa = PBXBuildFile; fileRef = 2DBA1ECEACC41683F326358B /* RemoteLogger.swift */; };
		FAF15CF524B4C8A800912AB9 /* MockRemoteLoggerTransport.swift in Sources */ = {isa = PBXBuildFile; fileRef = 6324E32A242A43060084312D /* MockRemoteLoggerTransport.swift */; };
		FAF15CF624B4C8A800912AB9 /* backend.pb.swift in Sources */ = {isa = PBXBuildFile; fileRef = 63D39411241F86D2002052DA /* backend.pb.swift */; };
		FAF15CF724B4C8A800912AB9 /* AuthenticationChallengeResolver.swift in Sources */ = {isa = PBXBuildFile; fileRef = 630F99FB2435FAE5009DAD18 /* AuthenticationChallengeResolver.swift */; };
		FAF15CF824B4C8A800912AB9 /* RemoteLoggingTransport.swift in Sources */ = {isa = PBXBuildFile; fileRef = 2DBA1B7C07761B3914324E95 /* RemoteLoggingTransport.swift */; };
		FAF15CF924B4C8A800912AB9 /* ProtoHttpRemoteLoggerTransport.swift in Sources */ = {isa = PBXBuildFile; fileRef = 2DBA1DA202B598E9F6F27C1D /* ProtoHttpRemoteLoggerTransport.swift */; };
		FAF15CFA24B4C8A800912AB9 /* InMemoryRemoteLoggerBuffer.swift in Sources */ = {isa = PBXBuildFile; fileRef = 63D39415241F86D2002052DA /* InMemoryRemoteLoggerBuffer.swift */; };
		FAF15CFB24B4C8A800912AB9 /* RemoteLoggingBuffer.swift in Sources */ = {isa = PBXBuildFile; fileRef = 2DBA1A5D9C49721C5C5B335D /* RemoteLoggingBuffer.swift */; };
		FAF15CFC24B4C8A800912AB9 /* PersistingLoggingBuffer.swift in Sources */ = {isa = PBXBuildFile; fileRef = 2DBA1E92BFBF1D21C9146183 /* PersistingLoggingBuffer.swift */; };
		FAF15CFD24B4C8A800912AB9 /* CachedLogMessage.swift in Sources */ = {isa = PBXBuildFile; fileRef = 2DBA19F3805C10A7C41E4FF4 /* CachedLogMessage.swift */; };
		FAF15CFE24B4C8A800912AB9 /* NullRemoteLoggerBuffer.swift in Sources */ = {isa = PBXBuildFile; fileRef = 2DBA15502C1F90EF2E875AD2 /* NullRemoteLoggerBuffer.swift */; };
		FAF15CFF24B4C8A800912AB9 /* BonjourServer.swift in Sources */ = {isa = PBXBuildFile; fileRef = 2DBA1CC1F043D50CC7774247 /* BonjourServer.swift */; };
		FAF15D0024B4C8A800912AB9 /* BonjourClient.swift in Sources */ = {isa = PBXBuildFile; fileRef = 2DBA1503080D9DC86938813D /* BonjourClient.swift */; };
		FAF15D0124B4C8A800912AB9 /* Shell.CommandLine.swift in Sources */ = {isa = PBXBuildFile; fileRef = 2DBA1EB77B568C6A9EB2FBAB /* Shell.CommandLine.swift */; };
		FAF15D0224B4C8A800912AB9 /* DirectConnector.swift in Sources */ = {isa = PBXBuildFile; fileRef = 2DBA10C88047C8771D4F9B8A /* DirectConnector.swift */; };
		FAF15D0324B4C8A800912AB9 /* LiveRemoteLogger.swift in Sources */ = {isa = PBXBuildFile; fileRef = 63D39416241F86D2002052DA /* LiveRemoteLogger.swift */; };
		FAF15D0424B4C8A800912AB9 /* ArchiveRemoteLogger.swift in Sources */ = {isa = PBXBuildFile; fileRef = 2DBA12496FD9DE3D0B796D94 /* ArchiveRemoteLogger.swift */; };
		FAF15D0524B4C8A800912AB9 /* RemoteLoggerError.swift in Sources */ = {isa = PBXBuildFile; fileRef = 2DBA11EEAEF2D189DD0C89B9 /* RemoteLoggerError.swift */; };
		FAF15D0624B4C8A800912AB9 /* RemoteLogger.swift in Sources */ = {isa = PBXBuildFile; fileRef = 2DBA1ECEACC41683F326358B /* RemoteLogger.swift */; };
		FAF15D0824B4CA3900912AB9 /* SwiftProtobuf in Frameworks */ = {isa = PBXBuildFile; productRef = FAF15D0724B4CA3900912AB9 /* SwiftProtobuf */; };
		FAF15D0924B4CA3E00912AB9 /* Robologs.framework in Frameworks */ = {isa = PBXBuildFile; fileRef = 46AE559A238D683C00774F9E /* Robologs.framework */; };
		FAF15D0B24B4CA4500912AB9 /* SwiftProtobuf in Frameworks */ = {isa = PBXBuildFile; productRef = FAF15D0A24B4CA4500912AB9 /* SwiftProtobuf */; };
		FAF15D0C24B4CA4500912AB9 /* Robologs.framework in Frameworks */ = {isa = PBXBuildFile; fileRef = FA8EB09A24545A4200D438DC /* Robologs.framework */; };
		FAF15D0D24B4CB8A00912AB9 /* RobologsRemote.framework in Frameworks */ = {isa = PBXBuildFile; fileRef = FAF15CDB24B4C7D400912AB9 /* RobologsRemote.framework */; };
/* End PBXBuildFile section */

/* Begin PBXContainerItemProxy section */
		3053CC43242DFB50000125FB /* PBXContainerItemProxy */ = {
			isa = PBXContainerItemProxy;
			containerPortal = 46AE5591238D683B00774F9E /* Project object */;
			proxyType = 1;
			remoteGlobalIDString = 46AE5599238D683B00774F9E;
			remoteInfo = Robologs;
		};
		FAE67F8B2458CFCA0083E237 /* PBXContainerItemProxy */ = {
			isa = PBXContainerItemProxy;
			containerPortal = 46AE5591238D683B00774F9E /* Project object */;
			proxyType = 1;
			remoteGlobalIDString = FA8EB09924545A4200D438DC;
			remoteInfo = "Robologs macOS";
		};
		FAF15CCE24B4C79800912AB9 /* PBXContainerItemProxy */ = {
			isa = PBXContainerItemProxy;
			containerPortal = 46AE5591238D683B00774F9E /* Project object */;
			proxyType = 1;
			remoteGlobalIDString = FAF15CC824B4C79800912AB9;
			remoteInfo = RobologsRemote;
		};
/* End PBXContainerItemProxy section */

/* Begin PBXCopyFilesBuildPhase section */
		FAE67F812458CE530083E237 /* CopyFiles */ = {
			isa = PBXCopyFilesBuildPhase;
			buildActionMask = 2147483647;
			dstPath = /usr/share/man/man1/;
			dstSubfolderSpec = 0;
			files = (
			);
			runOnlyForDeploymentPostprocessing = 1;
		};
		FAF15CD224B4C79800912AB9 /* Embed Frameworks */ = {
			isa = PBXCopyFilesBuildPhase;
			buildActionMask = 2147483647;
			dstPath = "";
			dstSubfolderSpec = 10;
			files = (
				FAF15CD124B4C79800912AB9 /* RobologsRemote.framework in Embed Frameworks */,
			);
			name = "Embed Frameworks";
			runOnlyForDeploymentPostprocessing = 0;
		};
/* End PBXCopyFilesBuildPhase section */

/* Begin PBXFileReference section */
		2DBA1018CEF1F344845BB07F /* BigListOfNaughtyStringsBase64.json */ = {isa = PBXFileReference; fileEncoding = 4; lastKnownFileType = text.json; path = BigListOfNaughtyStringsBase64.json; sourceTree = "<group>"; };
		2DBA10435D991F46DC8D89BF /* Loggers.swift */ = {isa = PBXFileReference; fileEncoding = 4; lastKnownFileType = sourcecode.swift; path = Loggers.swift; sourceTree = "<group>"; };
		2DBA10989530859F00D5AB8C /* InfoGatheringLogger.swift */ = {isa = PBXFileReference; fileEncoding = 4; lastKnownFileType = sourcecode.swift; path = InfoGatheringLogger.swift; sourceTree = "<group>"; };
		2DBA10C88047C8771D4F9B8A /* DirectConnector.swift */ = {isa = PBXFileReference; fileEncoding = 4; lastKnownFileType = sourcecode.swift; path = DirectConnector.swift; sourceTree = "<group>"; };
		2DBA110DFD8D2337633A8BD5 /* RandomizedLogsViewController.swift */ = {isa = PBXFileReference; fileEncoding = 4; lastKnownFileType = sourcecode.swift; path = RandomizedLogsViewController.swift; sourceTree = "<group>"; };
		2DBA11EEAEF2D189DD0C89B9 /* RemoteLoggerError.swift */ = {isa = PBXFileReference; fileEncoding = 4; lastKnownFileType = sourcecode.swift; path = RemoteLoggerError.swift; sourceTree = "<group>"; };
		2DBA12496FD9DE3D0B796D94 /* ArchiveRemoteLogger.swift */ = {isa = PBXFileReference; fileEncoding = 4; lastKnownFileType = sourcecode.swift; path = ArchiveRemoteLogger.swift; sourceTree = "<group>"; };
		2DBA129A224F3D8C844B7AAF /* Loggable.swift */ = {isa = PBXFileReference; fileEncoding = 4; lastKnownFileType = sourcecode.swift; path = Loggable.swift; sourceTree = "<group>"; };
		2DBA1503080D9DC86938813D /* BonjourClient.swift */ = {isa = PBXFileReference; fileEncoding = 4; lastKnownFileType = sourcecode.swift; path = BonjourClient.swift; sourceTree = "<group>"; };
		2DBA15502C1F90EF2E875AD2 /* NullRemoteLoggerBuffer.swift */ = {isa = PBXFileReference; fileEncoding = 4; lastKnownFileType = sourcecode.swift; path = NullRemoteLoggerBuffer.swift; sourceTree = "<group>"; };
		2DBA156C2B58CF72B873423F /* HelperFunctions.swift */ = {isa = PBXFileReference; fileEncoding = 4; lastKnownFileType = sourcecode.swift; path = HelperFunctions.swift; sourceTree = "<group>"; };
		2DBA179E2E7EB4E3DE64E043 /* NullLogger.swift */ = {isa = PBXFileReference; fileEncoding = 4; lastKnownFileType = sourcecode.swift; path = NullLogger.swift; sourceTree = "<group>"; };
		2DBA186BD75E9B889DAFD54B /* EndpointViewController.swift */ = {isa = PBXFileReference; fileEncoding = 4; lastKnownFileType = sourcecode.swift; path = EndpointViewController.swift; sourceTree = "<group>"; };
		2DBA19F3805C10A7C41E4FF4 /* CachedLogMessage.swift */ = {isa = PBXFileReference; fileEncoding = 4; lastKnownFileType = sourcecode.swift; path = CachedLogMessage.swift; sourceTree = "<group>"; };
		2DBA1A5D9C49721C5C5B335D /* RemoteLoggingBuffer.swift */ = {isa = PBXFileReference; fileEncoding = 4; lastKnownFileType = sourcecode.swift; path = RemoteLoggingBuffer.swift; sourceTree = "<group>"; };
		2DBA1B7C07761B3914324E95 /* RemoteLoggingTransport.swift */ = {isa = PBXFileReference; fileEncoding = 4; lastKnownFileType = sourcecode.swift; path = RemoteLoggingTransport.swift; sourceTree = "<group>"; };
		2DBA1BA84DCE2ADB5089444D /* SingleLogViewController.swift */ = {isa = PBXFileReference; fileEncoding = 4; lastKnownFileType = sourcecode.swift; path = SingleLogViewController.swift; sourceTree = "<group>"; };
		2DBA1BC5D26B69FA1E649B56 /* LabeledLogger.swift */ = {isa = PBXFileReference; fileEncoding = 4; lastKnownFileType = sourcecode.swift; path = LabeledLogger.swift; sourceTree = "<group>"; };
		2DBA1BDD8C05C5AC12BAAF0D /* ApplicationInfo.swift */ = {isa = PBXFileReference; fileEncoding = 4; lastKnownFileType = sourcecode.swift; path = ApplicationInfo.swift; sourceTree = "<group>"; };
		2DBA1C5D52B7EB410674F2E8 /* Storage.swift */ = {isa = PBXFileReference; fileEncoding = 4; lastKnownFileType = sourcecode.swift; path = Storage.swift; sourceTree = "<group>"; };
		2DBA1CA56E551997C6001863 /* ConstantLogsViewController.swift */ = {isa = PBXFileReference; fileEncoding = 4; lastKnownFileType = sourcecode.swift; path = ConstantLogsViewController.swift; sourceTree = "<group>"; };
		2DBA1CC1F043D50CC7774247 /* BonjourServer.swift */ = {isa = PBXFileReference; fileEncoding = 4; lastKnownFileType = sourcecode.swift; path = BonjourServer.swift; sourceTree = "<group>"; };
		2DBA1DA202B598E9F6F27C1D /* ProtoHttpRemoteLoggerTransport.swift */ = {isa = PBXFileReference; fileEncoding = 4; lastKnownFileType = sourcecode.swift; path = ProtoHttpRemoteLoggerTransport.swift; sourceTree = "<group>"; };
		2DBA1E92BFBF1D21C9146183 /* PersistingLoggingBuffer.swift */ = {isa = PBXFileReference; fileEncoding = 4; lastKnownFileType = sourcecode.swift; path = PersistingLoggingBuffer.swift; sourceTree = "<group>"; };
		2DBA1EB77B568C6A9EB2FBAB /* Shell.CommandLine.swift */ = {isa = PBXFileReference; fileEncoding = 4; lastKnownFileType = sourcecode.swift; path = Shell.CommandLine.swift; sourceTree = "<group>"; };
		2DBA1ECEACC41683F326358B /* RemoteLogger.swift */ = {isa = PBXFileReference; fileEncoding = 4; lastKnownFileType = sourcecode.swift; path = RemoteLogger.swift; sourceTree = "<group>"; };
		3053CC28242DF72E000125FB /* Robologs Test App.app */ = {isa = PBXFileReference; explicitFileType = wrapper.application; includeInIndex = 0; path = "Robologs Test App.app"; sourceTree = BUILT_PRODUCTS_DIR; };
		4611FCEC2398FEF100E23B25 /* MultiplexingLogger.swift */ = {isa = PBXFileReference; lastKnownFileType = sourcecode.swift; path = MultiplexingLogger.swift; sourceTree = "<group>"; };
		4611FCEE239904CC00E23B25 /* FilteringLogger.swift */ = {isa = PBXFileReference; lastKnownFileType = sourcecode.swift; path = FilteringLogger.swift; sourceTree = "<group>"; };
		4611FCF623995F3300E23B25 /* NSLogLogger.swift */ = {isa = PBXFileReference; lastKnownFileType = sourcecode.swift; path = NSLogLogger.swift; sourceTree = "<group>"; };
		46131F5C238EADD800612712 /* Logger.swift */ = {isa = PBXFileReference; lastKnownFileType = sourcecode.swift; path = Logger.swift; sourceTree = "<group>"; };
		46131F5E238EADF900612712 /* Level.swift */ = {isa = PBXFileReference; lastKnownFileType = sourcecode.swift; path = Level.swift; sourceTree = "<group>"; };
		46131F60238EAE8200612712 /* PrintLogger.swift */ = {isa = PBXFileReference; lastKnownFileType = sourcecode.swift; path = PrintLogger.swift; sourceTree = "<group>"; };
		461A55E123DA07BF00A28F38 /* LogStringInterpolation.swift */ = {isa = PBXFileReference; fileEncoding = 4; lastKnownFileType = sourcecode.swift; path = LogStringInterpolation.swift; sourceTree = "<group>"; };
		461A55E523DA07FC00A28F38 /* LogString.swift */ = {isa = PBXFileReference; lastKnownFileType = sourcecode.swift; path = LogString.swift; sourceTree = "<group>"; };
		4626E6102396709700BD14B8 /* OSLogLogger.swift */ = {isa = PBXFileReference; fileEncoding = 4; lastKnownFileType = sourcecode.swift; path = OSLogLogger.swift; sourceTree = "<group>"; };
		46AE559A238D683C00774F9E /* Robologs.framework */ = {isa = PBXFileReference; explicitFileType = wrapper.framework; includeInIndex = 0; path = Robologs.framework; sourceTree = BUILT_PRODUCTS_DIR; };
		46AE559E238D683C00774F9E /* Info.plist */ = {isa = PBXFileReference; lastKnownFileType = text.plist.info; path = Info.plist; sourceTree = "<group>"; };
		46E239072397A748006539C5 /* SynchronizedDictionary.swift */ = {isa = PBXFileReference; lastKnownFileType = sourcecode.swift; path = SynchronizedDictionary.swift; sourceTree = "<group>"; };
		630F99FB2435FAE5009DAD18 /* AuthenticationChallengeResolver.swift */ = {isa = PBXFileReference; lastKnownFileType = sourcecode.swift; path = AuthenticationChallengeResolver.swift; sourceTree = "<group>"; };
		6324E32A242A43060084312D /* MockRemoteLoggerTransport.swift */ = {isa = PBXFileReference; fileEncoding = 4; lastKnownFileType = sourcecode.swift; path = MockRemoteLoggerTransport.swift; sourceTree = "<group>"; };
		6399CBEC24349BBF00B6C3A1 /* Subscriptions.swift */ = {isa = PBXFileReference; lastKnownFileType = sourcecode.swift; path = Subscriptions.swift; sourceTree = "<group>"; };
		63D39411241F86D2002052DA /* backend.pb.swift */ = {isa = PBXFileReference; fileEncoding = 4; lastKnownFileType = sourcecode.swift; path = backend.pb.swift; sourceTree = "<group>"; };
		63D39412241F86D2002052DA /* backend.proto */ = {isa = PBXFileReference; fileEncoding = 4; lastKnownFileType = sourcecode.protobuf; path = backend.proto; sourceTree = "<group>"; };
		63D39415241F86D2002052DA /* InMemoryRemoteLoggerBuffer.swift */ = {isa = PBXFileReference; fileEncoding = 4; lastKnownFileType = sourcecode.swift; path = InMemoryRemoteLoggerBuffer.swift; sourceTree = "<group>"; };
		63D39416241F86D2002052DA /* LiveRemoteLogger.swift */ = {isa = PBXFileReference; fileEncoding = 4; lastKnownFileType = sourcecode.swift; path = LiveRemoteLogger.swift; sourceTree = "<group>"; };
		FA1BDE30249667950033F134 /* Robologs Test App.entitlements */ = {isa = PBXFileReference; lastKnownFileType = text.plist.entitlements; path = "Robologs Test App.entitlements"; sourceTree = "<group>"; };
		FA8EB09A24545A4200D438DC /* Robologs.framework */ = {isa = PBXFileReference; explicitFileType = wrapper.framework; includeInIndex = 0; path = Robologs.framework; sourceTree = BUILT_PRODUCTS_DIR; };
		FA8EB09D24545A4200D438DC /* Info.plist */ = {isa = PBXFileReference; lastKnownFileType = text.plist.info; path = Info.plist; sourceTree = "<group>"; };
		FAD51E9C2456D5A000265E18 /* Logger.CaseIterable.swift */ = {isa = PBXFileReference; fileEncoding = 4; lastKnownFileType = sourcecode.swift; path = Logger.CaseIterable.swift; sourceTree = "<group>"; };
		FAD51E9E2456D5A000265E18 /* BufferLogger.swift */ = {isa = PBXFileReference; fileEncoding = 4; lastKnownFileType = sourcecode.swift; path = BufferLogger.swift; sourceTree = "<group>"; };
		FAD51E9F2456D5A000265E18 /* AppDelegate.swift */ = {isa = PBXFileReference; fileEncoding = 4; lastKnownFileType = sourcecode.swift; name = AppDelegate.swift; path = Code/AppDelegate.swift; sourceTree = "<group>"; };
		FAD51EA12456D5A000265E18 /* GeneratedLogRecord.swift */ = {isa = PBXFileReference; fileEncoding = 4; lastKnownFileType = sourcecode.swift; path = GeneratedLogRecord.swift; sourceTree = "<group>"; };
		FAD51EA22456D5A000265E18 /* LogGeneratorRecordGenerator.swift */ = {isa = PBXFileReference; fileEncoding = 4; lastKnownFileType = sourcecode.swift; path = LogGeneratorRecordGenerator.swift; sourceTree = "<group>"; };
		FAD51EA32456D5A000265E18 /* LogsGenerator.swift */ = {isa = PBXFileReference; fileEncoding = 4; lastKnownFileType = sourcecode.swift; path = LogsGenerator.swift; sourceTree = "<group>"; };
		FAD51EA42456D5A000265E18 /* UniformRecordGenerator.swift */ = {isa = PBXFileReference; fileEncoding = 4; lastKnownFileType = sourcecode.swift; path = UniformRecordGenerator.swift; sourceTree = "<group>"; };
		FAD51EA52456D5A000265E18 /* RandomizedRecordGenerator.swift */ = {isa = PBXFileReference; fileEncoding = 4; lastKnownFileType = sourcecode.swift; path = RandomizedRecordGenerator.swift; sourceTree = "<group>"; };
		FAD51EA62456D5A000265E18 /* LogsGeneratorTiming.swift */ = {isa = PBXFileReference; fileEncoding = 4; lastKnownFileType = sourcecode.swift; path = LogsGeneratorTiming.swift; sourceTree = "<group>"; };
		FAD51EA72456D5A000265E18 /* TimeRange.swift */ = {isa = PBXFileReference; fileEncoding = 4; lastKnownFileType = sourcecode.swift; path = TimeRange.swift; sourceTree = "<group>"; };
		FAD51EAB2456D5A000265E18 /* Main.storyboard */ = {isa = PBXFileReference; fileEncoding = 4; lastKnownFileType = file.storyboard; path = Main.storyboard; sourceTree = "<group>"; };
		FAD51EB22456D5A000265E18 /* Assets.xcassets */ = {isa = PBXFileReference; lastKnownFileType = folder.assetcatalog; path = Assets.xcassets; sourceTree = "<group>"; };
		FAD51EB42456D5A000265E18 /* Base */ = {isa = PBXFileReference; lastKnownFileType = file.storyboard; name = Base; path = Base.lproj/LaunchScreen.storyboard; sourceTree = "<group>"; };
		FAD51EB52456D5A000265E18 /* Info.plist */ = {isa = PBXFileReference; fileEncoding = 4; lastKnownFileType = text.plist.info; path = Info.plist; sourceTree = "<group>"; };
		FAE67F832458CE530083E237 /* BonjourClientTest */ = {isa = PBXFileReference; explicitFileType = "compiled.mach-o.executable"; includeInIndex = 0; path = BonjourClientTest; sourceTree = BUILT_PRODUCTS_DIR; };
		FAE67F852458CE530083E237 /* main.swift */ = {isa = PBXFileReference; lastKnownFileType = sourcecode.swift; path = main.swift; sourceTree = "<group>"; };
		FAF15CC924B4C79800912AB9 /* RobologsRemote.framework */ = {isa = PBXFileReference; explicitFileType = wrapper.framework; includeInIndex = 0; path = RobologsRemote.framework; sourceTree = BUILT_PRODUCTS_DIR; };
		FAF15CCB24B4C79800912AB9 /* RobologsRemote.h */ = {isa = PBXFileReference; lastKnownFileType = sourcecode.c.h; path = RobologsRemote.h; sourceTree = "<group>"; };
		FAF15CCC24B4C79800912AB9 /* Info.plist */ = {isa = PBXFileReference; lastKnownFileType = text.plist.xml; path = Info.plist; sourceTree = "<group>"; };
		FAF15CDB24B4C7D400912AB9 /* RobologsRemote.framework */ = {isa = PBXFileReference; explicitFileType = wrapper.framework; includeInIndex = 0; path = RobologsRemote.framework; sourceTree = BUILT_PRODUCTS_DIR; };
		FAF15CDD24B4C7D400912AB9 /* RobologsRemote_macOS.h */ = {isa = PBXFileReference; lastKnownFileType = sourcecode.c.h; path = RobologsRemote_macOS.h; sourceTree = "<group>"; };
		FAF15CDE24B4C7D400912AB9 /* Info.plist */ = {isa = PBXFileReference; lastKnownFileType = text.plist.xml; path = Info.plist; sourceTree = "<group>"; };
/* End PBXFileReference section */

/* Begin PBXFrameworksBuildPhase section */
		3053CC25242DF72E000125FB /* Frameworks */ = {
			isa = PBXFrameworksBuildPhase;
			buildActionMask = 2147483647;
			files = (
				FAF15CD024B4C79800912AB9 /* RobologsRemote.framework in Frameworks */,
			);
			runOnlyForDeploymentPostprocessing = 0;
		};
		46AE5597238D683B00774F9E /* Frameworks */ = {
			isa = PBXFrameworksBuildPhase;
			buildActionMask = 2147483647;
			files = (
			);
			runOnlyForDeploymentPostprocessing = 0;
		};
		FA8EB09724545A4200D438DC /* Frameworks */ = {
			isa = PBXFrameworksBuildPhase;
			buildActionMask = 2147483647;
			files = (
			);
			runOnlyForDeploymentPostprocessing = 0;
		};
		FAE67F802458CE530083E237 /* Frameworks */ = {
			isa = PBXFrameworksBuildPhase;
			buildActionMask = 2147483647;
			files = (
				FAF15D0D24B4CB8A00912AB9 /* RobologsRemote.framework in Frameworks */,
			);
			runOnlyForDeploymentPostprocessing = 0;
		};
		FAF15CC624B4C79800912AB9 /* Frameworks */ = {
			isa = PBXFrameworksBuildPhase;
			buildActionMask = 2147483647;
			files = (
				FAF15D0924B4CA3E00912AB9 /* Robologs.framework in Frameworks */,
				FAF15D0824B4CA3900912AB9 /* SwiftProtobuf in Frameworks */,
			);
			runOnlyForDeploymentPostprocessing = 0;
		};
		FAF15CD824B4C7D400912AB9 /* Frameworks */ = {
			isa = PBXFrameworksBuildPhase;
			buildActionMask = 2147483647;
			files = (
				FAF15D0C24B4CA4500912AB9 /* Robologs.framework in Frameworks */,
				FAF15D0B24B4CA4500912AB9 /* SwiftProtobuf in Frameworks */,
			);
			runOnlyForDeploymentPostprocessing = 0;
		};
/* End PBXFrameworksBuildPhase section */

/* Begin PBXGroup section */
		2DBA10531CBDA5D09548AE7E /* Utility */ = {
			isa = PBXGroup;
			children = (
				2DBA156C2B58CF72B873423F /* HelperFunctions.swift */,
			);
			path = Utility;
			sourceTree = "<group>";
		};
		2DBA13351643C83F4C7982B3 /* ViewControllers */ = {
			isa = PBXGroup;
			children = (
				2DBA1BA84DCE2ADB5089444D /* SingleLogViewController.swift */,
				2DBA110DFD8D2337633A8BD5 /* RandomizedLogsViewController.swift */,
				2DBA1CA56E551997C6001863 /* ConstantLogsViewController.swift */,
				2DBA186BD75E9B889DAFD54B /* EndpointViewController.swift */,
			);
			path = ViewControllers;
			sourceTree = "<group>";
		};
		2DBA17B5C8E88E469C3F8240 /* Common */ = {
			isa = PBXGroup;
			children = (
				2DBA1C5D52B7EB410674F2E8 /* Storage.swift */,
			);
			path = Common;
			sourceTree = "<group>";
		};
		2DBA1C51F96E726222DFBB6B /* Sources.Robologs.Remote */ = {
			isa = PBXGroup;
			children = (
				63D3940D241F86D2002052DA /* Transports */,
				63D39414241F86D2002052DA /* Buffer */,
				2DBA1FD40A5BD019CB1E82B4 /* AutoConnect */,
				63D39416241F86D2002052DA /* LiveRemoteLogger.swift */,
				2DBA12496FD9DE3D0B796D94 /* ArchiveRemoteLogger.swift */,
				2DBA11EEAEF2D189DD0C89B9 /* RemoteLoggerError.swift */,
				2DBA1ECEACC41683F326358B /* RemoteLogger.swift */,
			);
			path = Sources.Robologs.Remote;
			sourceTree = "<group>";
		};
		2DBA1FD40A5BD019CB1E82B4 /* AutoConnect */ = {
			isa = PBXGroup;
			children = (
				2DBA1CC1F043D50CC7774247 /* BonjourServer.swift */,
				2DBA1503080D9DC86938813D /* BonjourClient.swift */,
				2DBA1EB77B568C6A9EB2FBAB /* Shell.CommandLine.swift */,
				2DBA10C88047C8771D4F9B8A /* DirectConnector.swift */,
			);
			path = AutoConnect;
			sourceTree = "<group>";
		};
		3053CC29242DF72E000125FB /* Sources.Example */ = {
			isa = PBXGroup;
			children = (
				FAD51E9A2456D5A000265E18 /* Code */,
				FAD51EB12456D5A000265E18 /* Resources */,
				FAD51E9F2456D5A000265E18 /* AppDelegate.swift */,
			);
			path = Sources.Example;
			sourceTree = "<group>";
		};
		3053CC40242DFB50000125FB /* Frameworks */ = {
			isa = PBXGroup;
			children = (
			);
			name = Frameworks;
			sourceTree = "<group>";
		};
		46131F7023911AB100612712 /* Loggers */ = {
			isa = PBXGroup;
			children = (
				2DBA10531CBDA5D09548AE7E /* Utility */,
				46131F60238EAE8200612712 /* PrintLogger.swift */,
				4626E6102396709700BD14B8 /* OSLogLogger.swift */,
				4611FCF623995F3300E23B25 /* NSLogLogger.swift */,
				4611FCEE239904CC00E23B25 /* FilteringLogger.swift */,
				4611FCEC2398FEF100E23B25 /* MultiplexingLogger.swift */,
				2DBA1BC5D26B69FA1E649B56 /* LabeledLogger.swift */,
				2DBA10989530859F00D5AB8C /* InfoGatheringLogger.swift */,
				2DBA179E2E7EB4E3DE64E043 /* NullLogger.swift */,
			);
			path = Loggers;
			sourceTree = "<group>";
		};
		461A55E023DA07BF00A28F38 /* LogString */ = {
			isa = PBXGroup;
			children = (
				461A55E523DA07FC00A28F38 /* LogString.swift */,
				461A55E123DA07BF00A28F38 /* LogStringInterpolation.swift */,
				2DBA129A224F3D8C844B7AAF /* Loggable.swift */,
			);
			path = LogString;
			sourceTree = "<group>";
		};
		4626E60C2395707500BD14B8 /* Sources.Robologs */ = {
			isa = PBXGroup;
			children = (
				46131F7023911AB100612712 /* Loggers */,
				46E239062397A71A006539C5 /* Common */,
				46131F5C238EADD800612712 /* Logger.swift */,
				46131F5E238EADF900612712 /* Level.swift */,
			);
			path = Sources.Robologs;
			sourceTree = "<group>";
		};
		4626E60D239656F200BD14B8 /* Robologs iOS */ = {
			isa = PBXGroup;
			children = (
				46AE559E238D683C00774F9E /* Info.plist */,
			);
			path = "Robologs iOS";
			sourceTree = "<group>";
		};
		46AE5590238D683B00774F9E = {
			isa = PBXGroup;
			children = (
				FAE67F842458CE530083E237 /* BonjourClientTest */,
				3053CC29242DF72E000125FB /* Sources.Example */,
				4626E60C2395707500BD14B8 /* Sources.Robologs */,
				2DBA1C51F96E726222DFBB6B /* Sources.Robologs.Remote */,
				4626E60D239656F200BD14B8 /* Robologs iOS */,
				FA8EB09B24545A4200D438DC /* Robologs macOS */,
				FAF15CCA24B4C79800912AB9 /* RobologsRemote iOS */,
				FAF15CDC24B4C7D400912AB9 /* RobologsRemote macOS */,
				46AE559B238D683C00774F9E /* Products */,
				3053CC40242DFB50000125FB /* Frameworks */,
				FA1BDE30249667950033F134 /* Robologs Test App.entitlements */,
			);
			sourceTree = "<group>";
		};
		46AE559B238D683C00774F9E /* Products */ = {
			isa = PBXGroup;
			children = (
				46AE559A238D683C00774F9E /* Robologs.framework */,
				3053CC28242DF72E000125FB /* Robologs Test App.app */,
				FA8EB09A24545A4200D438DC /* Robologs.framework */,
				FAE67F832458CE530083E237 /* BonjourClientTest */,
				FAF15CC924B4C79800912AB9 /* RobologsRemote.framework */,
				FAF15CDB24B4C7D400912AB9 /* RobologsRemote.framework */,
			);
			name = Products;
			sourceTree = "<group>";
		};
		46E239062397A71A006539C5 /* Common */ = {
			isa = PBXGroup;
			children = (
				63B2D2C32423B26C002817B6 /* Environment */,
				461A55E023DA07BF00A28F38 /* LogString */,
				6399CBEC24349BBF00B6C3A1 /* Subscriptions.swift */,
				46E239072397A748006539C5 /* SynchronizedDictionary.swift */,
			);
			path = Common;
			sourceTree = "<group>";
		};
		63B2D2C32423B26C002817B6 /* Environment */ = {
			isa = PBXGroup;
			children = (
				2DBA1BDD8C05C5AC12BAAF0D /* ApplicationInfo.swift */,
			);
			path = Environment;
			sourceTree = "<group>";
		};
		63D3940D241F86D2002052DA /* Transports */ = {
			isa = PBXGroup;
			children = (
				6324E32A242A43060084312D /* MockRemoteLoggerTransport.swift */,
				63D3940F241F86D2002052DA /* ProtoHttpRemoteLoggerTransport */,
				2DBA1B7C07761B3914324E95 /* RemoteLoggingTransport.swift */,
				2DBA1DA202B598E9F6F27C1D /* ProtoHttpRemoteLoggerTransport.swift */,
			);
			path = Transports;
			sourceTree = "<group>";
		};
		63D3940F241F86D2002052DA /* ProtoHttpRemoteLoggerTransport */ = {
			isa = PBXGroup;
			children = (
				63D39410241F86D2002052DA /* proto */,
				630F99FB2435FAE5009DAD18 /* AuthenticationChallengeResolver.swift */,
			);
			path = ProtoHttpRemoteLoggerTransport;
			sourceTree = "<group>";
		};
		63D39410241F86D2002052DA /* proto */ = {
			isa = PBXGroup;
			children = (
				63D39411241F86D2002052DA /* backend.pb.swift */,
				63D39412241F86D2002052DA /* backend.proto */,
			);
			path = proto;
			sourceTree = "<group>";
		};
		63D39414241F86D2002052DA /* Buffer */ = {
			isa = PBXGroup;
			children = (
				63D39415241F86D2002052DA /* InMemoryRemoteLoggerBuffer.swift */,
				2DBA1A5D9C49721C5C5B335D /* RemoteLoggingBuffer.swift */,
				2DBA1E92BFBF1D21C9146183 /* PersistingLoggingBuffer.swift */,
				2DBA19F3805C10A7C41E4FF4 /* CachedLogMessage.swift */,
				2DBA15502C1F90EF2E875AD2 /* NullRemoteLoggerBuffer.swift */,
			);
			path = Buffer;
			sourceTree = "<group>";
		};
		FA8EB09B24545A4200D438DC /* Robologs macOS */ = {
			isa = PBXGroup;
			children = (
				FA8EB09D24545A4200D438DC /* Info.plist */,
			);
			path = "Robologs macOS";
			sourceTree = "<group>";
		};
		FAD51E9A2456D5A000265E18 /* Code */ = {
			isa = PBXGroup;
			children = (
				FAD51E9B2456D5A000265E18 /* Logger */,
				FAD51EA02456D5A000265E18 /* LogsGenerator */,
				FAD51EA82456D5A000265E18 /* Presentation */,
				2DBA17B5C8E88E469C3F8240 /* Common */,
			);
			path = Code;
			sourceTree = "<group>";
		};
		FAD51E9B2456D5A000265E18 /* Logger */ = {
			isa = PBXGroup;
			children = (
				FAD51E9C2456D5A000265E18 /* Logger.CaseIterable.swift */,
				FAD51E9E2456D5A000265E18 /* BufferLogger.swift */,
				2DBA10435D991F46DC8D89BF /* Loggers.swift */,
			);
			path = Logger;
			sourceTree = "<group>";
		};
		FAD51EA02456D5A000265E18 /* LogsGenerator */ = {
			isa = PBXGroup;
			children = (
				FAD51EA12456D5A000265E18 /* GeneratedLogRecord.swift */,
				FAD51EA22456D5A000265E18 /* LogGeneratorRecordGenerator.swift */,
				FAD51EA32456D5A000265E18 /* LogsGenerator.swift */,
				FAD51EA42456D5A000265E18 /* UniformRecordGenerator.swift */,
				FAD51EA52456D5A000265E18 /* RandomizedRecordGenerator.swift */,
				FAD51EA62456D5A000265E18 /* LogsGeneratorTiming.swift */,
				FAD51EA72456D5A000265E18 /* TimeRange.swift */,
			);
			path = LogsGenerator;
			sourceTree = "<group>";
		};
		FAD51EA82456D5A000265E18 /* Presentation */ = {
			isa = PBXGroup;
			children = (
				2DBA13351643C83F4C7982B3 /* ViewControllers */,
				FAD51EAB2456D5A000265E18 /* Main.storyboard */,
			);
			path = Presentation;
			sourceTree = "<group>";
		};
		FAD51EB12456D5A000265E18 /* Resources */ = {
			isa = PBXGroup;
			children = (
				FAD51EB22456D5A000265E18 /* Assets.xcassets */,
				FAD51EB32456D5A000265E18 /* LaunchScreen.storyboard */,
				FAD51EB52456D5A000265E18 /* Info.plist */,
				2DBA1018CEF1F344845BB07F /* BigListOfNaughtyStringsBase64.json */,
			);
			path = Resources;
			sourceTree = "<group>";
		};
		FAE67F842458CE530083E237 /* BonjourClientTest */ = {
			isa = PBXGroup;
			children = (
				FAE67F852458CE530083E237 /* main.swift */,
			);
			path = BonjourClientTest;
			sourceTree = "<group>";
		};
		FAF15CCA24B4C79800912AB9 /* RobologsRemote iOS */ = {
			isa = PBXGroup;
			children = (
				FAF15CCB24B4C79800912AB9 /* RobologsRemote.h */,
				FAF15CCC24B4C79800912AB9 /* Info.plist */,
			);
			path = "RobologsRemote iOS";
			sourceTree = "<group>";
		};
		FAF15CDC24B4C7D400912AB9 /* RobologsRemote macOS */ = {
			isa = PBXGroup;
			children = (
				FAF15CDD24B4C7D400912AB9 /* RobologsRemote_macOS.h */,
				FAF15CDE24B4C7D400912AB9 /* Info.plist */,
			);
			path = "RobologsRemote macOS";
			sourceTree = "<group>";
		};
/* End PBXGroup section */

/* Begin PBXHeadersBuildPhase section */
		46AE5595238D683B00774F9E /* Headers */ = {
			isa = PBXHeadersBuildPhase;
			buildActionMask = 2147483647;
			files = (
			);
			runOnlyForDeploymentPostprocessing = 0;
		};
		FA8EB09524545A4200D438DC /* Headers */ = {
			isa = PBXHeadersBuildPhase;
			buildActionMask = 2147483647;
			files = (
			);
			runOnlyForDeploymentPostprocessing = 0;
		};
		FAF15CC424B4C79800912AB9 /* Headers */ = {
			isa = PBXHeadersBuildPhase;
			buildActionMask = 2147483647;
			files = (
				FAF15CCD24B4C79800912AB9 /* RobologsRemote.h in Headers */,
			);
			runOnlyForDeploymentPostprocessing = 0;
		};
		FAF15CD624B4C7D400912AB9 /* Headers */ = {
			isa = PBXHeadersBuildPhase;
			buildActionMask = 2147483647;
			files = (
				FAF15CDF24B4C7D400912AB9 /* RobologsRemote_macOS.h in Headers */,
			);
			runOnlyForDeploymentPostprocessing = 0;
		};
/* End PBXHeadersBuildPhase section */

/* Begin PBXNativeTarget section */
		3053CC27242DF72E000125FB /* Example App */ = {
			isa = PBXNativeTarget;
			buildConfigurationList = 3053CC3B242DF733000125FB /* Build configuration list for PBXNativeTarget "Example App" */;
			buildPhases = (
				3053CC24242DF72E000125FB /* Sources */,
				3053CC25242DF72E000125FB /* Frameworks */,
				3053CC26242DF72E000125FB /* Resources */,
				FAF15CD224B4C79800912AB9 /* Embed Frameworks */,
			);
			buildRules = (
			);
			dependencies = (
				3053CC44242DFB50000125FB /* PBXTargetDependency */,
				FAF15CCF24B4C79800912AB9 /* PBXTargetDependency */,
			);
			name = "Example App";
			productName = Example;
			productReference = 3053CC28242DF72E000125FB /* Robologs Test App.app */;
			productType = "com.apple.product-type.application";
		};
		46AE5599238D683B00774F9E /* Robologs iOS */ = {
			isa = PBXNativeTarget;
			buildConfigurationList = 46AE55A2238D683C00774F9E /* Build configuration list for PBXNativeTarget "Robologs iOS" */;
			buildPhases = (
				46AE5595238D683B00774F9E /* Headers */,
				46AE5596238D683B00774F9E /* Sources */,
				46AE5597238D683B00774F9E /* Frameworks */,
				46AE5598238D683B00774F9E /* Resources */,
				463114CA238EAB5200DCE4ED /* Swiftlint */,
			);
			buildRules = (
			);
			dependencies = (
			);
			name = "Robologs iOS";
			packageProductDependencies = (
			);
			productName = RobologsiOSNative;
			productReference = 46AE559A238D683C00774F9E /* Robologs.framework */;
			productType = "com.apple.product-type.framework";
		};
		FA8EB09924545A4200D438DC /* Robologs macOS */ = {
			isa = PBXNativeTarget;
			buildConfigurationList = FA8EB09F24545A4200D438DC /* Build configuration list for PBXNativeTarget "Robologs macOS" */;
			buildPhases = (
				FA8EB09524545A4200D438DC /* Headers */,
				FA8EB09624545A4200D438DC /* Sources */,
				FA8EB09724545A4200D438DC /* Frameworks */,
				FA8EB09824545A4200D438DC /* Resources */,
				FA8EB0A624545AC000D438DC /* SwiftLint */,
			);
			buildRules = (
			);
			dependencies = (
			);
			name = "Robologs macOS";
			packageProductDependencies = (
			);
			productName = Robologs;
			productReference = FA8EB09A24545A4200D438DC /* Robologs.framework */;
			productType = "com.apple.product-type.framework";
		};
		FAE67F822458CE530083E237 /* BonjourClientTest */ = {
			isa = PBXNativeTarget;
			buildConfigurationList = FAE67F892458CE530083E237 /* Build configuration list for PBXNativeTarget "BonjourClientTest" */;
			buildPhases = (
				FAE67F7F2458CE530083E237 /* Sources */,
				FAE67F802458CE530083E237 /* Frameworks */,
				FAE67F812458CE530083E237 /* CopyFiles */,
			);
			buildRules = (
			);
			dependencies = (
				FAE67F8C2458CFCA0083E237 /* PBXTargetDependency */,
			);
			name = BonjourClientTest;
			productName = BonjourClientTest;
			productReference = FAE67F832458CE530083E237 /* BonjourClientTest */;
			productType = "com.apple.product-type.tool";
		};
		FAF15CC824B4C79800912AB9 /* RobologsRemote iOS */ = {
			isa = PBXNativeTarget;
			buildConfigurationList = FAF15CD524B4C79800912AB9 /* Build configuration list for PBXNativeTarget "RobologsRemote iOS" */;
			buildPhases = (
				FAF15CC424B4C79800912AB9 /* Headers */,
				FAF15CC524B4C79800912AB9 /* Sources */,
				FAF15CC624B4C79800912AB9 /* Frameworks */,
				FAF15CC724B4C79800912AB9 /* Resources */,
			);
			buildRules = (
			);
			dependencies = (
			);
			name = "RobologsRemote iOS";
			packageProductDependencies = (
				FAF15D0724B4CA3900912AB9 /* SwiftProtobuf */,
			);
			productName = RobologsRemote;
			productReference = FAF15CC924B4C79800912AB9 /* RobologsRemote.framework */;
			productType = "com.apple.product-type.framework";
		};
		FAF15CDA24B4C7D400912AB9 /* RobologsRemote macOS */ = {
			isa = PBXNativeTarget;
			buildConfigurationList = FAF15CE024B4C7D400912AB9 /* Build configuration list for PBXNativeTarget "RobologsRemote macOS" */;
			buildPhases = (
				FAF15CD624B4C7D400912AB9 /* Headers */,
				FAF15CD724B4C7D400912AB9 /* Sources */,
				FAF15CD824B4C7D400912AB9 /* Frameworks */,
				FAF15CD924B4C7D400912AB9 /* Resources */,
			);
			buildRules = (
			);
			dependencies = (
			);
			name = "RobologsRemote macOS";
			packageProductDependencies = (
				FAF15D0A24B4CA4500912AB9 /* SwiftProtobuf */,
			);
			productName = "RobologsRemote macOS";
			productReference = FAF15CDB24B4C7D400912AB9 /* RobologsRemote.framework */;
			productType = "com.apple.product-type.framework";
		};
/* End PBXNativeTarget section */

/* Begin PBXProject section */
		46AE5591238D683B00774F9E /* Project object */ = {
			isa = PBXProject;
			attributes = {
				LastSwiftUpdateCheck = 1140;
				LastUpgradeCheck = 1150;
				ORGANIZATIONNAME = Redmadrobot;
				TargetAttributes = {
					3053CC27242DF72E000125FB = {
						CreatedOnToolsVersion = 11.4;
					};
					46AE5599238D683B00774F9E = {
						CreatedOnToolsVersion = 11.2.1;
						LastSwiftMigration = 1120;
					};
					FA8EB09924545A4200D438DC = {
						CreatedOnToolsVersion = 11.4.1;
					};
					FAE67F822458CE530083E237 = {
						CreatedOnToolsVersion = 11.4.1;
					};
					FAF15CC824B4C79800912AB9 = {
						CreatedOnToolsVersion = 11.5;
					};
					FAF15CDA24B4C7D400912AB9 = {
						CreatedOnToolsVersion = 11.5;
					};
				};
			};
			buildConfigurationList = 46AE5594238D683B00774F9E /* Build configuration list for PBXProject "Robologs" */;
			compatibilityVersion = "Xcode 9.3";
			developmentRegion = en;
			hasScannedForEncodings = 0;
			knownRegions = (
				en,
				Base,
			);
			mainGroup = 46AE5590238D683B00774F9E;
			packageReferences = (
				304E87AD242B8AAD007694D2 /* XCRemoteSwiftPackageReference "swift-protobuf" */,
			);
			productRefGroup = 46AE559B238D683C00774F9E /* Products */;
			projectDirPath = "";
			projectRoot = "";
			targets = (
				46AE5599238D683B00774F9E /* Robologs iOS */,
				FA8EB09924545A4200D438DC /* Robologs macOS */,
				FAF15CC824B4C79800912AB9 /* RobologsRemote iOS */,
				FAF15CDA24B4C7D400912AB9 /* RobologsRemote macOS */,
				3053CC27242DF72E000125FB /* Example App */,
				FAE67F822458CE530083E237 /* BonjourClientTest */,
			);
		};
/* End PBXProject section */

/* Begin PBXResourcesBuildPhase section */
		3053CC26242DF72E000125FB /* Resources */ = {
			isa = PBXResourcesBuildPhase;
			buildActionMask = 2147483647;
			files = (
				FAD51EC92456D5A100265E18 /* LaunchScreen.storyboard in Resources */,
				FAD51EC82456D5A100265E18 /* Assets.xcassets in Resources */,
				FAD51EC32456D5A000265E18 /* Main.storyboard in Resources */,
				2DBA1F496F5E0BC411A2E6CC /* BigListOfNaughtyStringsBase64.json in Resources */,
			);
			runOnlyForDeploymentPostprocessing = 0;
		};
		46AE5598238D683B00774F9E /* Resources */ = {
			isa = PBXResourcesBuildPhase;
			buildActionMask = 2147483647;
			files = (
			);
			runOnlyForDeploymentPostprocessing = 0;
		};
		FA8EB09824545A4200D438DC /* Resources */ = {
			isa = PBXResourcesBuildPhase;
			buildActionMask = 2147483647;
			files = (
			);
			runOnlyForDeploymentPostprocessing = 0;
		};
		FAF15CC724B4C79800912AB9 /* Resources */ = {
			isa = PBXResourcesBuildPhase;
			buildActionMask = 2147483647;
			files = (
			);
			runOnlyForDeploymentPostprocessing = 0;
		};
		FAF15CD924B4C7D400912AB9 /* Resources */ = {
			isa = PBXResourcesBuildPhase;
			buildActionMask = 2147483647;
			files = (
			);
			runOnlyForDeploymentPostprocessing = 0;
		};
/* End PBXResourcesBuildPhase section */

/* Begin PBXShellScriptBuildPhase section */
		463114CA238EAB5200DCE4ED /* Swiftlint */ = {
			isa = PBXShellScriptBuildPhase;
			buildActionMask = 2147483647;
			files = (
			);
			inputFileListPaths = (
			);
			inputPaths = (
			);
			name = Swiftlint;
			outputFileListPaths = (
			);
			outputPaths = (
			);
			runOnlyForDeploymentPostprocessing = 0;
			shellPath = /bin/sh;
			shellScript = "if which swiftlint >/dev/null; then\n  swiftlint\nelse\n  echo \"warning: SwiftLint not installed, download from https://github.com/realm/SwiftLint\"\nfi\n";
		};
		FA8EB0A624545AC000D438DC /* SwiftLint */ = {
			isa = PBXShellScriptBuildPhase;
			buildActionMask = 2147483647;
			files = (
			);
			inputFileListPaths = (
			);
			inputPaths = (
			);
			name = SwiftLint;
			outputFileListPaths = (
			);
			outputPaths = (
			);
			runOnlyForDeploymentPostprocessing = 0;
			shellPath = /bin/sh;
			shellScript = "if which swiftlint >/dev/null; then\n  swiftlint\nelse\n  echo \"warning: SwiftLint not installed, download from https://github.com/realm/SwiftLint\"\nfi\n";
		};
/* End PBXShellScriptBuildPhase section */

/* Begin PBXSourcesBuildPhase section */
		3053CC24242DF72E000125FB /* Sources */ = {
			isa = PBXSourcesBuildPhase;
			buildActionMask = 2147483647;
			files = (
				FAD51EBF2456D5A000265E18 /* LogsGeneratorTiming.swift in Sources */,
				FAD51EC02456D5A000265E18 /* TimeRange.swift in Sources */,
				FAD51EB92456D5A000265E18 /* AppDelegate.swift in Sources */,
				FAD51EBB2456D5A000265E18 /* LogGeneratorRecordGenerator.swift in Sources */,
				FAD51EBC2456D5A000265E18 /* LogsGenerator.swift in Sources */,
				FAD51EBE2456D5A000265E18 /* RandomizedRecordGenerator.swift in Sources */,
				FAD51EB82456D5A000265E18 /* BufferLogger.swift in Sources */,
				FAD51EBA2456D5A000265E18 /* GeneratedLogRecord.swift in Sources */,
				FAD51EBD2456D5A000265E18 /* UniformRecordGenerator.swift in Sources */,
				FAD51EB62456D5A000265E18 /* Logger.CaseIterable.swift in Sources */,
				2DBA10AFC33F1F1A8A3AF4F7 /* SingleLogViewController.swift in Sources */,
				2DBA1BADF4991F18DBC0A66C /* RandomizedLogsViewController.swift in Sources */,
				2DBA1423B6C39E8D29429F6E /* ConstantLogsViewController.swift in Sources */,
				2DBA1FFDD2C4D6453D27242A /* EndpointViewController.swift in Sources */,
				2DBA15FD8398DE775C125946 /* Loggers.swift in Sources */,
				2DBA1854A4453EA6AE6BCF84 /* Storage.swift in Sources */,
			);
			runOnlyForDeploymentPostprocessing = 0;
		};
		46AE5596238D683B00774F9E /* Sources */ = {
			isa = PBXSourcesBuildPhase;
			buildActionMask = 2147483647;
			files = (
				6399CBED24349BBF00B6C3A1 /* Subscriptions.swift in Sources */,
				4611FCED2398FEF100E23B25 /* MultiplexingLogger.swift in Sources */,
				4626E6112396709A00BD14B8 /* OSLogLogger.swift in Sources */,
				4611FCEF239904CC00E23B25 /* FilteringLogger.swift in Sources */,
				461A55E623DA07FC00A28F38 /* LogString.swift in Sources */,
				4626E60B23956D5800BD14B8 /* PrintLogger.swift in Sources */,
				46131F5F238EADF900612712 /* Level.swift in Sources */,
				4611FCF723995F3300E23B25 /* NSLogLogger.swift in Sources */,
				461A55E223DA07BF00A28F38 /* LogStringInterpolation.swift in Sources */,
				46131F5D238EADD800612712 /* Logger.swift in Sources */,
				46E239082397A748006539C5 /* SynchronizedDictionary.swift in Sources */,
				2DBA127834F59CA61B204AB0 /* HelperFunctions.swift in Sources */,
				2DBA142977D7D4CD90ECDEAF /* LabeledLogger.swift in Sources */,
				2DBA1BC8525F9A84933D47B7 /* Loggable.swift in Sources */,
				2DBA15064819C6E6D4178B88 /* ApplicationInfo.swift in Sources */,
				2DBA1439BAEBD8D5961A05A0 /* InfoGatheringLogger.swift in Sources */,
				2DBA1631FA44583D2A7B0897 /* NullLogger.swift in Sources */,
			);
			runOnlyForDeploymentPostprocessing = 0;
		};
		FA8EB09624545A4200D438DC /* Sources */ = {
			isa = PBXSourcesBuildPhase;
			buildActionMask = 2147483647;
			files = (
				FA8EB0A724545B2C00D438DC /* Logger.swift in Sources */,
				FA8EB0A824545B2C00D438DC /* Level.swift in Sources */,
				FA8EB0AF24545B2C00D438DC /* PrintLogger.swift in Sources */,
				FA8EB0B024545B2C00D438DC /* OSLogLogger.swift in Sources */,
				FA8EB0B124545B2C00D438DC /* NSLogLogger.swift in Sources */,
				FA8EB0B324545B2C00D438DC /* FilteringLogger.swift in Sources */,
				FA8EB0B424545B2C00D438DC /* MultiplexingLogger.swift in Sources */,
				FA8EB0B524545B2C00D438DC /* HelperFunctions.swift in Sources */,
				FA8EB0B624545B2C00D438DC /* LabeledLogger.swift in Sources */,
				FA8EB0B724545B2C00D438DC /* Subscriptions.swift in Sources */,
				FA8EB0B824545B2C00D438DC /* SynchronizedDictionary.swift in Sources */,
				FA8EB0BA24545B2C00D438DC /* LogString.swift in Sources */,
				FA8EB0BB24545B2C00D438DC /* LogStringInterpolation.swift in Sources */,
				FA8EB0BC24545B2C00D438DC /* Loggable.swift in Sources */,
				2DBA194A31B60069AE4E7EE1 /* ApplicationInfo.swift in Sources */,
				2DBA1B2CA7478109C4020779 /* InfoGatheringLogger.swift in Sources */,
				2DBA18EB097273EDCAC5E810 /* NullLogger.swift in Sources */,
			);
			runOnlyForDeploymentPostprocessing = 0;
		};
		FAE67F7F2458CE530083E237 /* Sources */ = {
			isa = PBXSourcesBuildPhase;
			buildActionMask = 2147483647;
			files = (
				FAE67F862458CE530083E237 /* main.swift in Sources */,
			);
			runOnlyForDeploymentPostprocessing = 0;
		};
		FAF15CC524B4C79800912AB9 /* Sources */ = {
			isa = PBXSourcesBuildPhase;
			buildActionMask = 2147483647;
			files = (
				FAF15CE324B4C86700912AB9 /* MockRemoteLoggerTransport.swift in Sources */,
				FAF15CE424B4C86700912AB9 /* backend.pb.swift in Sources */,
				FAF15CE524B4C86700912AB9 /* AuthenticationChallengeResolver.swift in Sources */,
				FAF15CE624B4C86700912AB9 /* RemoteLoggingTransport.swift in Sources */,
				FAF15CE724B4C86700912AB9 /* ProtoHttpRemoteLoggerTransport.swift in Sources */,
				FAF15CE824B4C86700912AB9 /* InMemoryRemoteLoggerBuffer.swift in Sources */,
				FAF15CE924B4C86700912AB9 /* RemoteLoggingBuffer.swift in Sources */,
				FAF15CEA24B4C86700912AB9 /* PersistingLoggingBuffer.swift in Sources */,
				FAF15CEB24B4C86700912AB9 /* CachedLogMessage.swift in Sources */,
				FAF15CEC24B4C86700912AB9 /* NullRemoteLoggerBuffer.swift in Sources */,
				FAF15CED24B4C86700912AB9 /* BonjourServer.swift in Sources */,
				FAF15CEE24B4C86700912AB9 /* BonjourClient.swift in Sources */,
				FAF15CEF24B4C86700912AB9 /* Shell.CommandLine.swift in Sources */,
				FAF15CF024B4C86700912AB9 /* DirectConnector.swift in Sources */,
				FAF15CF124B4C86700912AB9 /* LiveRemoteLogger.swift in Sources */,
				FAF15CF224B4C86700912AB9 /* ArchiveRemoteLogger.swift in Sources */,
				FAF15CF324B4C86700912AB9 /* RemoteLoggerError.swift in Sources */,
				FAF15CF424B4C86700912AB9 /* RemoteLogger.swift in Sources */,
			);
			runOnlyForDeploymentPostprocessing = 0;
		};
		FAF15CD724B4C7D400912AB9 /* Sources */ = {
			isa = PBXSourcesBuildPhase;
			buildActionMask = 2147483647;
			files = (
				FAF15CF524B4C8A800912AB9 /* MockRemoteLoggerTransport.swift in Sources */,
				FAF15CF624B4C8A800912AB9 /* backend.pb.swift in Sources */,
				FAF15CF724B4C8A800912AB9 /* AuthenticationChallengeResolver.swift in Sources */,
				FAF15CF824B4C8A800912AB9 /* RemoteLoggingTransport.swift in Sources */,
				FAF15CF924B4C8A800912AB9 /* ProtoHttpRemoteLoggerTransport.swift in Sources */,
				FAF15CFA24B4C8A800912AB9 /* InMemoryRemoteLoggerBuffer.swift in Sources */,
				FAF15CFB24B4C8A800912AB9 /* RemoteLoggingBuffer.swift in Sources */,
				FAF15CFC24B4C8A800912AB9 /* PersistingLoggingBuffer.swift in Sources */,
				FAF15CFD24B4C8A800912AB9 /* CachedLogMessage.swift in Sources */,
				FAF15CFE24B4C8A800912AB9 /* NullRemoteLoggerBuffer.swift in Sources */,
				FAF15CFF24B4C8A800912AB9 /* BonjourServer.swift in Sources */,
				FAF15D0024B4C8A800912AB9 /* BonjourClient.swift in Sources */,
				FAF15D0124B4C8A800912AB9 /* Shell.CommandLine.swift in Sources */,
				FAF15D0224B4C8A800912AB9 /* DirectConnector.swift in Sources */,
				FAF15D0324B4C8A800912AB9 /* LiveRemoteLogger.swift in Sources */,
				FAF15D0424B4C8A800912AB9 /* ArchiveRemoteLogger.swift in Sources */,
				FAF15D0524B4C8A800912AB9 /* RemoteLoggerError.swift in Sources */,
				FAF15D0624B4C8A800912AB9 /* RemoteLogger.swift in Sources */,
			);
			runOnlyForDeploymentPostprocessing = 0;
		};
/* End PBXSourcesBuildPhase section */

/* Begin PBXTargetDependency section */
		3053CC44242DFB50000125FB /* PBXTargetDependency */ = {
			isa = PBXTargetDependency;
			target = 46AE5599238D683B00774F9E /* Robologs iOS */;
			targetProxy = 3053CC43242DFB50000125FB /* PBXContainerItemProxy */;
		};
		FAE67F8C2458CFCA0083E237 /* PBXTargetDependency */ = {
			isa = PBXTargetDependency;
			target = FA8EB09924545A4200D438DC /* Robologs macOS */;
			targetProxy = FAE67F8B2458CFCA0083E237 /* PBXContainerItemProxy */;
		};
		FAF15CCF24B4C79800912AB9 /* PBXTargetDependency */ = {
			isa = PBXTargetDependency;
			target = FAF15CC824B4C79800912AB9 /* RobologsRemote iOS */;
			targetProxy = FAF15CCE24B4C79800912AB9 /* PBXContainerItemProxy */;
		};
/* End PBXTargetDependency section */

/* Begin PBXVariantGroup section */
		FAD51EB32456D5A000265E18 /* LaunchScreen.storyboard */ = {
			isa = PBXVariantGroup;
			children = (
				FAD51EB42456D5A000265E18 /* Base */,
			);
			name = LaunchScreen.storyboard;
			sourceTree = "<group>";
		};
/* End PBXVariantGroup section */

/* Begin XCBuildConfiguration section */
		3053CC39242DF733000125FB /* Debug */ = {
			isa = XCBuildConfiguration;
			buildSettings = {
				ALWAYS_EMBED_SWIFT_STANDARD_LIBRARIES = YES;
				ASSETCATALOG_COMPILER_APPICON_NAME = AppIcon;
				CODE_SIGN_ENTITLEMENTS = "Robologs Test App.entitlements";
				CODE_SIGN_IDENTITY = "iPhone Developer";
				"CODE_SIGN_IDENTITY[sdk=macosx*]" = "Apple Development";
				CODE_SIGN_STYLE = Manual;
				CURRENT_PROJECT_VERSION = 1;
				DEVELOPMENT_TEAM = Q257CW2V39;
				INFOPLIST_FILE = Sources.Example/Resources/Info.plist;
				IPHONEOS_DEPLOYMENT_TARGET = 12.0;
				LD_RUNPATH_SEARCH_PATHS = (
					"$(inherited)",
					"@executable_path/Frameworks",
				);
				MARKETING_VERSION = 2.3.5;
				PRODUCT_BUNDLE_IDENTIFIER = com.redmadrobot.spb.robologs.testApplication;
				PRODUCT_NAME = "Robologs Test App";
				PROVISIONING_PROFILE_SPECIFIER = "Robologs Test Application Development";
				"PROVISIONING_PROFILE_SPECIFIER[sdk=macosx*]" = "Robologs Test Application Development (Catalyst)";
				SUPPORTS_MACCATALYST = YES;
				SWIFT_VERSION = 5.0;
				TARGETED_DEVICE_FAMILY = "1,2";
			};
			name = Debug;
		};
		3053CC3A242DF733000125FB /* Release */ = {
			isa = XCBuildConfiguration;
			buildSettings = {
				ALWAYS_EMBED_SWIFT_STANDARD_LIBRARIES = YES;
				ASSETCATALOG_COMPILER_APPICON_NAME = AppIcon;
				CODE_SIGN_ENTITLEMENTS = "Robologs Test App.entitlements";
				CODE_SIGN_IDENTITY = "iPhone Distribution";
				"CODE_SIGN_IDENTITY[sdk=macosx*]" = "Developer ID Application";
				CODE_SIGN_STYLE = Manual;
				CURRENT_PROJECT_VERSION = 1;
				DEVELOPMENT_TEAM = Q257CW2V39;
				INFOPLIST_FILE = Sources.Example/Resources/Info.plist;
				IPHONEOS_DEPLOYMENT_TARGET = 12.0;
				LD_RUNPATH_SEARCH_PATHS = (
					"$(inherited)",
					"@executable_path/Frameworks",
				);
				MARKETING_VERSION = 2.3.5;
				PRODUCT_BUNDLE_IDENTIFIER = com.redmadrobot.spb.robologs.testApplication;
				PRODUCT_NAME = "Robologs Test App";
				PROVISIONING_PROFILE_SPECIFIER = "Robologs Test Application App Store";
				"PROVISIONING_PROFILE_SPECIFIER[sdk=macosx*]" = "Robologs Test Application Developer ID (Catalyst)";
				SUPPORTS_MACCATALYST = YES;
				SWIFT_VERSION = 5.0;
				TARGETED_DEVICE_FAMILY = "1,2";
			};
			name = Release;
		};
		46AE55A0238D683C00774F9E /* Debug */ = {
			isa = XCBuildConfiguration;
			buildSettings = {
				ALWAYS_SEARCH_USER_PATHS = NO;
				CLANG_ANALYZER_NONNULL = YES;
				CLANG_ANALYZER_NUMBER_OBJECT_CONVERSION = YES_AGGRESSIVE;
				CLANG_CXX_LANGUAGE_STANDARD = "gnu++14";
				CLANG_CXX_LIBRARY = "libc++";
				CLANG_ENABLE_CODE_COVERAGE = NO;
				CLANG_ENABLE_MODULES = YES;
				CLANG_ENABLE_OBJC_ARC = YES;
				CLANG_ENABLE_OBJC_WEAK = YES;
				CLANG_WARN_BLOCK_CAPTURE_AUTORELEASING = YES;
				CLANG_WARN_BOOL_CONVERSION = YES;
				CLANG_WARN_COMMA = YES;
				CLANG_WARN_CONSTANT_CONVERSION = YES;
				CLANG_WARN_DEPRECATED_OBJC_IMPLEMENTATIONS = YES;
				CLANG_WARN_DIRECT_OBJC_ISA_USAGE = YES_ERROR;
				CLANG_WARN_DOCUMENTATION_COMMENTS = YES;
				CLANG_WARN_EMPTY_BODY = YES;
				CLANG_WARN_ENUM_CONVERSION = YES;
				CLANG_WARN_INFINITE_RECURSION = YES;
				CLANG_WARN_INT_CONVERSION = YES;
				CLANG_WARN_NON_LITERAL_NULL_CONVERSION = YES;
				CLANG_WARN_OBJC_IMPLICIT_RETAIN_SELF = YES;
				CLANG_WARN_OBJC_LITERAL_CONVERSION = YES;
				CLANG_WARN_OBJC_ROOT_CLASS = YES_ERROR;
				CLANG_WARN_RANGE_LOOP_ANALYSIS = YES;
				CLANG_WARN_STRICT_PROTOTYPES = YES;
				CLANG_WARN_SUSPICIOUS_MOVE = YES;
				CLANG_WARN_UNGUARDED_AVAILABILITY = YES_AGGRESSIVE;
				CLANG_WARN_UNREACHABLE_CODE = YES;
				CLANG_WARN__DUPLICATE_METHOD_MATCH = YES;
				COPY_PHASE_STRIP = NO;
				CURRENT_PROJECT_VERSION = 1;
				DEBUG_INFORMATION_FORMAT = dwarf;
				ENABLE_STRICT_OBJC_MSGSEND = YES;
				ENABLE_TESTABILITY = YES;
				GCC_C_LANGUAGE_STANDARD = gnu11;
				GCC_DYNAMIC_NO_PIC = NO;
				GCC_NO_COMMON_BLOCKS = YES;
				GCC_OPTIMIZATION_LEVEL = 0;
				GCC_PREPROCESSOR_DEFINITIONS = (
					"DEBUG=1",
					"$(inherited)",
				);
				GCC_WARN_64_TO_32_BIT_CONVERSION = YES;
				GCC_WARN_ABOUT_RETURN_TYPE = YES_ERROR;
				GCC_WARN_UNDECLARED_SELECTOR = YES;
				GCC_WARN_UNINITIALIZED_AUTOS = YES_AGGRESSIVE;
				GCC_WARN_UNUSED_FUNCTION = YES;
				GCC_WARN_UNUSED_VARIABLE = YES;
				IPHONEOS_DEPLOYMENT_TARGET = 9.0;
				MACOSX_DEPLOYMENT_TARGET = 10.15;
				MTL_ENABLE_DEBUG_INFO = INCLUDE_SOURCE;
				MTL_FAST_MATH = YES;
				ONLY_ACTIVE_ARCH = YES;
				SDKROOT = iphoneos;
				SWIFT_ACTIVE_COMPILATION_CONDITIONS = DEBUG;
				SWIFT_OPTIMIZATION_LEVEL = "-Onone";
				VERSIONING_SYSTEM = "apple-generic";
				VERSION_INFO_PREFIX = "";
			};
			name = Debug;
		};
		46AE55A1238D683C00774F9E /* Release */ = {
			isa = XCBuildConfiguration;
			buildSettings = {
				ALWAYS_SEARCH_USER_PATHS = NO;
				CLANG_ANALYZER_NONNULL = YES;
				CLANG_ANALYZER_NUMBER_OBJECT_CONVERSION = YES_AGGRESSIVE;
				CLANG_CXX_LANGUAGE_STANDARD = "gnu++14";
				CLANG_CXX_LIBRARY = "libc++";
				CLANG_ENABLE_CODE_COVERAGE = NO;
				CLANG_ENABLE_MODULES = YES;
				CLANG_ENABLE_OBJC_ARC = YES;
				CLANG_ENABLE_OBJC_WEAK = YES;
				CLANG_WARN_BLOCK_CAPTURE_AUTORELEASING = YES;
				CLANG_WARN_BOOL_CONVERSION = YES;
				CLANG_WARN_COMMA = YES;
				CLANG_WARN_CONSTANT_CONVERSION = YES;
				CLANG_WARN_DEPRECATED_OBJC_IMPLEMENTATIONS = YES;
				CLANG_WARN_DIRECT_OBJC_ISA_USAGE = YES_ERROR;
				CLANG_WARN_DOCUMENTATION_COMMENTS = YES;
				CLANG_WARN_EMPTY_BODY = YES;
				CLANG_WARN_ENUM_CONVERSION = YES;
				CLANG_WARN_INFINITE_RECURSION = YES;
				CLANG_WARN_INT_CONVERSION = YES;
				CLANG_WARN_NON_LITERAL_NULL_CONVERSION = YES;
				CLANG_WARN_OBJC_IMPLICIT_RETAIN_SELF = YES;
				CLANG_WARN_OBJC_LITERAL_CONVERSION = YES;
				CLANG_WARN_OBJC_ROOT_CLASS = YES_ERROR;
				CLANG_WARN_RANGE_LOOP_ANALYSIS = YES;
				CLANG_WARN_STRICT_PROTOTYPES = YES;
				CLANG_WARN_SUSPICIOUS_MOVE = YES;
				CLANG_WARN_UNGUARDED_AVAILABILITY = YES_AGGRESSIVE;
				CLANG_WARN_UNREACHABLE_CODE = YES;
				CLANG_WARN__DUPLICATE_METHOD_MATCH = YES;
				COPY_PHASE_STRIP = NO;
				CURRENT_PROJECT_VERSION = 1;
				DEBUG_INFORMATION_FORMAT = "dwarf-with-dsym";
				ENABLE_NS_ASSERTIONS = NO;
				ENABLE_STRICT_OBJC_MSGSEND = YES;
				GCC_C_LANGUAGE_STANDARD = gnu11;
				GCC_NO_COMMON_BLOCKS = YES;
				GCC_WARN_64_TO_32_BIT_CONVERSION = YES;
				GCC_WARN_ABOUT_RETURN_TYPE = YES_ERROR;
				GCC_WARN_UNDECLARED_SELECTOR = YES;
				GCC_WARN_UNINITIALIZED_AUTOS = YES_AGGRESSIVE;
				GCC_WARN_UNUSED_FUNCTION = YES;
				GCC_WARN_UNUSED_VARIABLE = YES;
				IPHONEOS_DEPLOYMENT_TARGET = 9.0;
				MACOSX_DEPLOYMENT_TARGET = 10.15;
				MTL_ENABLE_DEBUG_INFO = NO;
				MTL_FAST_MATH = YES;
				SDKROOT = iphoneos;
				SWIFT_COMPILATION_MODE = wholemodule;
				SWIFT_OPTIMIZATION_LEVEL = "-O";
				VALIDATE_PRODUCT = YES;
				VERSIONING_SYSTEM = "apple-generic";
				VERSION_INFO_PREFIX = "";
			};
			name = Release;
		};
		46AE55A3238D683C00774F9E /* Debug */ = {
			isa = XCBuildConfiguration;
			buildSettings = {
				APPLICATION_EXTENSION_API_ONLY = YES;
				CLANG_ENABLE_MODULES = YES;
				CODE_SIGN_IDENTITY = "";
				CODE_SIGN_STYLE = Manual;
				CURRENT_PROJECT_VERSION = 1;
				DEFINES_MODULE = YES;
				DEVELOPMENT_TEAM = Q257CW2V39;
				DYLIB_COMPATIBILITY_VERSION = 1;
				DYLIB_CURRENT_VERSION = 1;
				DYLIB_INSTALL_NAME_BASE = "@rpath";
				FRAMEWORK_SEARCH_PATHS = (
					"$(inherited)",
					"$(PROJECT_DIR)",
				);
				INFOPLIST_FILE = "Robologs iOS/Info.plist";
				INSTALL_PATH = "$(LOCAL_LIBRARY_DIR)/Frameworks";
				IPHONEOS_DEPLOYMENT_TARGET = 9.0;
				LD_RUNPATH_SEARCH_PATHS = (
					"$(inherited)",
					"@executable_path/Frameworks",
					"@loader_path/Frameworks",
				);
				MACH_O_TYPE = staticlib;
				MARKETING_VERSION = 2.3.5;
				PRODUCT_BUNDLE_IDENTIFIER = com.redmadrobot.spb.robologs;
				PRODUCT_NAME = Robologs;
				PROVISIONING_PROFILE_SPECIFIER = "";
				"PROVISIONING_PROFILE_SPECIFIER[sdk=macosx*]" = "";
				SKIP_INSTALL = YES;
				SUPPORTS_MACCATALYST = YES;
				SWIFT_OPTIMIZATION_LEVEL = "-Onone";
				SWIFT_VERSION = 5.0;
				TARGETED_DEVICE_FAMILY = "1,2";
			};
			name = Debug;
		};
		46AE55A4238D683C00774F9E /* Release */ = {
			isa = XCBuildConfiguration;
			buildSettings = {
				APPLICATION_EXTENSION_API_ONLY = YES;
				CLANG_ENABLE_MODULES = YES;
				CODE_SIGN_IDENTITY = "";
				CODE_SIGN_STYLE = Manual;
				CURRENT_PROJECT_VERSION = 1;
				DEFINES_MODULE = YES;
				DEVELOPMENT_TEAM = Q257CW2V39;
				DYLIB_COMPATIBILITY_VERSION = 1;
				DYLIB_CURRENT_VERSION = 1;
				DYLIB_INSTALL_NAME_BASE = "@rpath";
				FRAMEWORK_SEARCH_PATHS = (
					"$(inherited)",
					"$(PROJECT_DIR)",
				);
				INFOPLIST_FILE = "Robologs iOS/Info.plist";
				INSTALL_PATH = "$(LOCAL_LIBRARY_DIR)/Frameworks";
				IPHONEOS_DEPLOYMENT_TARGET = 9.0;
				LD_RUNPATH_SEARCH_PATHS = (
					"$(inherited)",
					"@executable_path/Frameworks",
					"@loader_path/Frameworks",
				);
				MACH_O_TYPE = staticlib;
				MARKETING_VERSION = 2.3.5;
				PRODUCT_BUNDLE_IDENTIFIER = com.redmadrobot.spb.robologs;
				PRODUCT_NAME = Robologs;
				PROVISIONING_PROFILE_SPECIFIER = "";
				"PROVISIONING_PROFILE_SPECIFIER[sdk=macosx*]" = "";
				SKIP_INSTALL = YES;
				SUPPORTS_MACCATALYST = YES;
				SWIFT_VERSION = 5.0;
				TARGETED_DEVICE_FAMILY = "1,2";
			};
			name = Release;
		};
		FA8EB0A024545A4200D438DC /* Debug */ = {
			isa = XCBuildConfiguration;
			buildSettings = {
				APPLICATION_EXTENSION_API_ONLY = YES;
				CODE_SIGN_STYLE = Manual;
				COMBINE_HIDPI_IMAGES = YES;
				DEFINES_MODULE = YES;
				DEVELOPMENT_TEAM = "";
				DYLIB_COMPATIBILITY_VERSION = 1;
				DYLIB_CURRENT_VERSION = 1;
				DYLIB_INSTALL_NAME_BASE = "@rpath";
				INFOPLIST_FILE = "Robologs macOS/Info.plist";
				INSTALL_PATH = "$(LOCAL_LIBRARY_DIR)/Frameworks";
				LD_RUNPATH_SEARCH_PATHS = (
					"$(inherited)",
					"@executable_path/../Frameworks",
					"@loader_path/Frameworks",
				);
				MACH_O_TYPE = staticlib;
				MACOSX_DEPLOYMENT_TARGET = 10.15;
				MARKETING_VERSION = 2.3.5;
				PRODUCT_BUNDLE_IDENTIFIER = com.redmadrobot.spb.robologs;
				PRODUCT_NAME = Robologs;
				PROVISIONING_PROFILE_SPECIFIER = "";
				SDKROOT = macosx;
				SKIP_INSTALL = YES;
				SWIFT_VERSION = 5.0;
			};
			name = Debug;
		};
		FA8EB0A124545A4200D438DC /* Release */ = {
			isa = XCBuildConfiguration;
			buildSettings = {
				APPLICATION_EXTENSION_API_ONLY = YES;
				CODE_SIGN_STYLE = Manual;
				COMBINE_HIDPI_IMAGES = YES;
				DEFINES_MODULE = YES;
				DEVELOPMENT_TEAM = "";
				DYLIB_COMPATIBILITY_VERSION = 1;
				DYLIB_CURRENT_VERSION = 1;
				DYLIB_INSTALL_NAME_BASE = "@rpath";
				INFOPLIST_FILE = "Robologs macOS/Info.plist";
				INSTALL_PATH = "$(LOCAL_LIBRARY_DIR)/Frameworks";
				LD_RUNPATH_SEARCH_PATHS = (
					"$(inherited)",
					"@executable_path/../Frameworks",
					"@loader_path/Frameworks",
				);
				MACH_O_TYPE = staticlib;
				MACOSX_DEPLOYMENT_TARGET = 10.15;
				MARKETING_VERSION = 2.3.5;
				PRODUCT_BUNDLE_IDENTIFIER = com.redmadrobot.spb.robologs;
				PRODUCT_NAME = Robologs;
				PROVISIONING_PROFILE_SPECIFIER = "";
				SDKROOT = macosx;
				SKIP_INSTALL = YES;
				SWIFT_VERSION = 5.0;
			};
			name = Release;
		};
		FAE67F872458CE530083E237 /* Debug */ = {
			isa = XCBuildConfiguration;
			buildSettings = {
				CODE_SIGN_IDENTITY = "-";
				CODE_SIGN_STYLE = Manual;
				DEVELOPMENT_TEAM = "";
				ENABLE_HARDENED_RUNTIME = YES;
				MACOSX_DEPLOYMENT_TARGET = 10.15;
				PRODUCT_NAME = "$(TARGET_NAME)";
				PROVISIONING_PROFILE_SPECIFIER = "";
				SDKROOT = macosx;
				SWIFT_VERSION = 5.0;
			};
			name = Debug;
		};
		FAE67F882458CE530083E237 /* Release */ = {
			isa = XCBuildConfiguration;
			buildSettings = {
				CODE_SIGN_IDENTITY = "-";
				CODE_SIGN_STYLE = Manual;
				DEVELOPMENT_TEAM = "";
				ENABLE_HARDENED_RUNTIME = YES;
				MACOSX_DEPLOYMENT_TARGET = 10.15;
				PRODUCT_NAME = "$(TARGET_NAME)";
				PROVISIONING_PROFILE_SPECIFIER = "";
				SDKROOT = macosx;
				SWIFT_VERSION = 5.0;
			};
			name = Release;
		};
		FAF15CD324B4C79800912AB9 /* Debug */ = {
			isa = XCBuildConfiguration;
			buildSettings = {
				DEFINES_MODULE = YES;
				DYLIB_COMPATIBILITY_VERSION = 1;
				DYLIB_CURRENT_VERSION = 1;
				DYLIB_INSTALL_NAME_BASE = "@rpath";
				INFOPLIST_FILE = "RobologsRemote iOS/Info.plist";
				INSTALL_PATH = "$(LOCAL_LIBRARY_DIR)/Frameworks";
				IPHONEOS_DEPLOYMENT_TARGET = 9.0;
				LD_RUNPATH_SEARCH_PATHS = (
					"$(inherited)",
					"@executable_path/Frameworks",
					"@loader_path/Frameworks",
				);
				MACH_O_TYPE = staticlib;
				PRODUCT_BUNDLE_IDENTIFIER = com.redmadrobot.spb.robologsremote;
				PRODUCT_NAME = RobologsRemote;
				SKIP_INSTALL = YES;
				SWIFT_VERSION = 5.0;
				TARGETED_DEVICE_FAMILY = "1,2";
			};
			name = Debug;
		};
		FAF15CD424B4C79800912AB9 /* Release */ = {
			isa = XCBuildConfiguration;
			buildSettings = {
				DEFINES_MODULE = YES;
				DYLIB_COMPATIBILITY_VERSION = 1;
				DYLIB_CURRENT_VERSION = 1;
				DYLIB_INSTALL_NAME_BASE = "@rpath";
				INFOPLIST_FILE = "RobologsRemote iOS/Info.plist";
				INSTALL_PATH = "$(LOCAL_LIBRARY_DIR)/Frameworks";
				IPHONEOS_DEPLOYMENT_TARGET = 9.0;
				LD_RUNPATH_SEARCH_PATHS = (
					"$(inherited)",
					"@executable_path/Frameworks",
					"@loader_path/Frameworks",
				);
				MACH_O_TYPE = staticlib;
				PRODUCT_BUNDLE_IDENTIFIER = com.redmadrobot.spb.robologsremote;
				PRODUCT_NAME = RobologsRemote;
				SKIP_INSTALL = YES;
				SWIFT_VERSION = 5.0;
				TARGETED_DEVICE_FAMILY = "1,2";
			};
			name = Release;
		};
		FAF15CE124B4C7D400912AB9 /* Debug */ = {
			isa = XCBuildConfiguration;
			buildSettings = {
				COMBINE_HIDPI_IMAGES = YES;
				DEFINES_MODULE = YES;
				DYLIB_COMPATIBILITY_VERSION = 1;
				DYLIB_CURRENT_VERSION = 1;
				DYLIB_INSTALL_NAME_BASE = "@rpath";
				INFOPLIST_FILE = "RobologsRemote macOS/Info.plist";
				INSTALL_PATH = "$(LOCAL_LIBRARY_DIR)/Frameworks";
				LD_RUNPATH_SEARCH_PATHS = (
					"$(inherited)",
					"@executable_path/../Frameworks",
					"@loader_path/Frameworks",
				);
				MACH_O_TYPE = staticlib;
				MACOSX_DEPLOYMENT_TARGET = 10.15;
				PRODUCT_BUNDLE_IDENTIFIER = com.redmadrobot.spb.robologsremote;
				PRODUCT_NAME = RobologsRemote;
				SDKROOT = macosx;
				SKIP_INSTALL = YES;
				SWIFT_VERSION = 5.0;
			};
			name = Debug;
		};
		FAF15CE224B4C7D400912AB9 /* Release */ = {
			isa = XCBuildConfiguration;
			buildSettings = {
				COMBINE_HIDPI_IMAGES = YES;
				DEFINES_MODULE = YES;
				DYLIB_COMPATIBILITY_VERSION = 1;
				DYLIB_CURRENT_VERSION = 1;
				DYLIB_INSTALL_NAME_BASE = "@rpath";
				INFOPLIST_FILE = "RobologsRemote macOS/Info.plist";
				INSTALL_PATH = "$(LOCAL_LIBRARY_DIR)/Frameworks";
				LD_RUNPATH_SEARCH_PATHS = (
					"$(inherited)",
					"@executable_path/../Frameworks",
					"@loader_path/Frameworks",
				);
				MACH_O_TYPE = staticlib;
				MACOSX_DEPLOYMENT_TARGET = 10.15;
				PRODUCT_BUNDLE_IDENTIFIER = com.redmadrobot.spb.robologsremote;
				PRODUCT_NAME = RobologsRemote;
				SDKROOT = macosx;
				SKIP_INSTALL = YES;
				SWIFT_VERSION = 5.0;
			};
			name = Release;
		};
/* End XCBuildConfiguration section */

/* Begin XCConfigurationList section */
		3053CC3B242DF733000125FB /* Build configuration list for PBXNativeTarget "Example App" */ = {
			isa = XCConfigurationList;
			buildConfigurations = (
				3053CC39242DF733000125FB /* Debug */,
				3053CC3A242DF733000125FB /* Release */,
			);
			defaultConfigurationIsVisible = 0;
			defaultConfigurationName = Release;
		};
		46AE5594238D683B00774F9E /* Build configuration list for PBXProject "Robologs" */ = {
			isa = XCConfigurationList;
			buildConfigurations = (
				46AE55A0238D683C00774F9E /* Debug */,
				46AE55A1238D683C00774F9E /* Release */,
			);
			defaultConfigurationIsVisible = 0;
			defaultConfigurationName = Release;
		};
		46AE55A2238D683C00774F9E /* Build configuration list for PBXNativeTarget "Robologs iOS" */ = {
			isa = XCConfigurationList;
			buildConfigurations = (
				46AE55A3238D683C00774F9E /* Debug */,
				46AE55A4238D683C00774F9E /* Release */,
			);
			defaultConfigurationIsVisible = 0;
			defaultConfigurationName = Release;
		};
		FA8EB09F24545A4200D438DC /* Build configuration list for PBXNativeTarget "Robologs macOS" */ = {
			isa = XCConfigurationList;
			buildConfigurations = (
				FA8EB0A024545A4200D438DC /* Debug */,
				FA8EB0A124545A4200D438DC /* Release */,
			);
			defaultConfigurationIsVisible = 0;
			defaultConfigurationName = Release;
		};
		FAE67F892458CE530083E237 /* Build configuration list for PBXNativeTarget "BonjourClientTest" */ = {
			isa = XCConfigurationList;
			buildConfigurations = (
				FAE67F872458CE530083E237 /* Debug */,
				FAE67F882458CE530083E237 /* Release */,
			);
			defaultConfigurationIsVisible = 0;
			defaultConfigurationName = Release;
		};
		FAF15CD524B4C79800912AB9 /* Build configuration list for PBXNativeTarget "RobologsRemote iOS" */ = {
			isa = XCConfigurationList;
			buildConfigurations = (
				FAF15CD324B4C79800912AB9 /* Debug */,
				FAF15CD424B4C79800912AB9 /* Release */,
			);
			defaultConfigurationIsVisible = 0;
			defaultConfigurationName = Release;
		};
		FAF15CE024B4C7D400912AB9 /* Build configuration list for PBXNativeTarget "RobologsRemote macOS" */ = {
			isa = XCConfigurationList;
			buildConfigurations = (
				FAF15CE124B4C7D400912AB9 /* Debug */,
				FAF15CE224B4C7D400912AB9 /* Release */,
			);
			defaultConfigurationIsVisible = 0;
			defaultConfigurationName = Release;
		};
/* End XCConfigurationList section */

/* Begin XCRemoteSwiftPackageReference section */
		304E87AD242B8AAD007694D2 /* XCRemoteSwiftPackageReference "swift-protobuf" */ = {
			isa = XCRemoteSwiftPackageReference;
			repositoryURL = "https://github.com/apple/swift-protobuf.git";
			requirement = {
				kind = upToNextMajorVersion;
				minimumVersion = 1.8.0;
			};
		};
/* End XCRemoteSwiftPackageReference section */

/* Begin XCSwiftPackageProductDependency section */
		FAF15D0724B4CA3900912AB9 /* SwiftProtobuf */ = {
			isa = XCSwiftPackageProductDependency;
			package = 304E87AD242B8AAD007694D2 /* XCRemoteSwiftPackageReference "swift-protobuf" */;
			productName = SwiftProtobuf;
		};
		FAF15D0A24B4CA4500912AB9 /* SwiftProtobuf */ = {
			isa = XCSwiftPackageProductDependency;
			package = 304E87AD242B8AAD007694D2 /* XCRemoteSwiftPackageReference "swift-protobuf" */;
			productName = SwiftProtobuf;
		};
/* End XCSwiftPackageProductDependency section */
	};
	rootObject = 46AE5591238D683B00774F9E /* Project object */;
}
